<?xml version="1.0" encoding="utf-8"?>
<Project ToolsVersion="17.0" xmlns="http://schemas.microsoft.com/developer/msbuild/2003">
  <ItemGroup>
    <ClCompile Include="D:\work\Project_telegram_cloud\td\td\generate\tl-parser\crc32.c">
      <Filter>Source Files</Filter>
    </ClCompile>
    <ClCompile Include="D:\work\Project_telegram_cloud\td\td\generate\tl-parser\tlc.c">
      <Filter>Source Files</Filter>
    </ClCompile>
    <ClCompile Include="D:\work\Project_telegram_cloud\td\td\generate\tl-parser\tl-parser.c">
      <Filter>Source Files</Filter>
    </ClCompile>
    <ClCompile Include="D:\work\Project_telegram_cloud\td\td\generate\tl-parser\wgetopt.c">
      <Filter>Source Files</Filter>
    </ClCompile>
  </ItemGroup>
  <ItemGroup>
    <ClInclude Include="D:\work\Project_telegram_cloud\td\td\generate\tl-parser\crc32.h">
      <Filter>Header Files</Filter>
    </ClInclude>
    <ClInclude Include="D:\work\Project_telegram_cloud\td\td\generate\tl-parser\tl-parser.h">
      <Filter>Header Files</Filter>
    </ClInclude>
    <ClInclude Include="D:\work\Project_telegram_cloud\td\td\generate\tl-parser\tl-parser-tree.h">
      <Filter>Header Files</Filter>
    </ClInclude>
    <ClInclude Include="D:\work\Project_telegram_cloud\td\td\generate\tl-parser\tl-tl.h">
      <Filter>Header Files</Filter>
    </ClInclude>
    <ClInclude Include="D:\work\Project_telegram_cloud\td\td\generate\tl-parser\portable_endian.h">
      <Filter>Header Files</Filter>
    </ClInclude>
    <ClInclude Include="D:\work\Project_telegram_cloud\td\td\generate\tl-parser\wgetopt.h">
      <Filter>Header Files</Filter>
    </ClInclude>
  </ItemGroup>
  <ItemGroup>
    <CustomBuild Include="D:\work\Project_telegram_cloud\td\td\generate\tl-parser\CMakeLists.txt" />
  </ItemGroup>
  <ItemGroup>
    <Filter Include="Header Files">
      <UniqueIdentifier>{B54B30CB-2DFA-30B0-8A9C-64F432D28770}</UniqueIdentifier>
    </Filter>
    <Filter Include="Source Files">
      <UniqueIdentifier>{74FBF0FE-6B36-34BB-8836-44CFFE27E218}</UniqueIdentifier>
    </Filter>
  </ItemGroup>
</Project>
