<?xml version="1.0" encoding="utf-8"?>
<Project ToolsVersion="17.0" xmlns="http://schemas.microsoft.com/developer/msbuild/2003">
  <ItemGroup>
    <CustomBuild Include="D:\work\Project_telegram_cloud\td\example\csharp\build64\CMakeFiles\7e480b91dc4dca8f002e4dc4aa0a3882\prepare_cross_compiling.rule">
      <Filter>CMake Rules</Filter>
    </CustomBuild>
    <CustomBuild Include="D:\work\Project_telegram_cloud\td\CMakeLists.txt" />
  </ItemGroup>
  <ItemGroup>
    <None Include="D:\work\Project_telegram_cloud\td\example\csharp\build64\CMakeFiles\prepare_cross_compiling" />
  </ItemGroup>
  <ItemGroup>
    <Filter Include="CMake Rules">
      <UniqueIdentifier>{EE561073-0999-31D3-A71E-B3207A0C9014}</UniqueIdentifier>
    </Filter>
  </ItemGroup>
</Project>
