
Microsoft Visual Studio Solution File, Format Version 12.00
# Visual Studio Version 17
Project("{8BC9CEB8-8B4A-11D0-8D11-00A0C91BC942}") = "ALL_BUILD", "ALL_BUILD.vcxproj", "{701264FF-2E91-375C-B3AC-8EC62B971292}"
	ProjectSection(ProjectDependencies) = postProject
		{7574A599-E27C-32B7-8D43-4A31DCFF8F85} = {7574A599-E27C-32B7-8D43-4A31DCFF8F85}
		{22937851-BC1A-34B7-9B74-BE4F12A4063E} = {22937851-BC1A-34B7-9B74-BE4F12A4063E}
		{65EA7DDA-CD27-33AA-898B-18D262A2AEF2} = {65EA7DDA-CD27-33AA-898B-18D262A2AEF2}
		{5EBF1DBC-B3E4-3458-AC29-C19BFC3D186D} = {5EBF1DBC-B3E4-3458-AC29-C19BFC3D186D}
		{E8AED98E-FD10-35DA-99CB-9396BFEB36A4} = {E8AED98E-FD10-35DA-99CB-9396BFEB36A4}
		{9F91A191-5535-3024-AE92-A52F55F20B6F} = {9F91A191-5535-3024-AE92-A52F55F20B6F}
		{A2282C7A-45EC-3D40-989F-E7142E2E9B13} = {A2282C7A-45EC-3D40-989F-E7142E2E9B13}
		{72413A3A-CF5A-39F0-B6DF-0EAA6B4052B1} = {72413A3A-CF5A-39F0-B6DF-0EAA6B4052B1}
		{65C3CCFA-F2A0-3967-ABC9-4C6AF029E123} = {65C3CCFA-F2A0-3967-ABC9-4C6AF029E123}
		{B9679C94-E324-3E19-90B9-8C1A66A7DB1C} = {B9679C94-E324-3E19-90B9-8C1A66A7DB1C}
		{67E8B155-946D-375C-9AAD-7DA6F3671425} = {67E8B155-946D-375C-9AAD-7DA6F3671425}
		{DFD83FCD-0820-327B-AC62-209DB7B9566E} = {DFD83FCD-0820-327B-AC62-209DB7B9566E}
		{DC58AA61-ACEA-315C-9F73-7D0D0AD9223C} = {DC58AA61-ACEA-315C-9F73-7D0D0AD9223C}
		{1522B6A2-B2EE-36A4-A843-976DCC0C4B00} = {1522B6A2-B2EE-36A4-A843-976DCC0C4B00}
		{B2134385-A2AA-3062-928D-557C4AA259D6} = {B2134385-A2AA-3062-928D-557C4AA259D6}
		{0D2F8FC1-9667-38C6-A2BA-5BD36DC3F848} = {0D2F8FC1-9667-38C6-A2BA-5BD36DC3F848}
		{6E48DC74-1212-3D7C-9F9B-4BBD6D5DE0A5} = {6E48DC74-1212-3D7C-9F9B-4BBD6D5DE0A5}
		{2174FEF3-C312-381E-B073-1C51A8836495} = {2174FEF3-C312-381E-B073-1C51A8836495}
		{C115110C-385D-341E-8C97-58C59F6C8E3B} = {C115110C-385D-341E-8C97-58C59F6C8E3B}
		{3796F227-CA8F-39F0-8D50-BFB8582B4B48} = {3796F227-CA8F-39F0-8D50-BFB8582B4B48}
		{E5B6651F-2F46-3C88-A6F0-957AAE24EBCA} = {E5B6651F-2F46-3C88-A6F0-957AAE24EBCA}
		{A6B6021F-1F4F-375E-BDB6-3D4325AB9E8B} = {A6B6021F-1F4F-375E-BDB6-3D4325AB9E8B}
		{1DFE7680-05F6-36EC-8B90-F0538052DAB6} = {1DFE7680-05F6-36EC-8B90-F0538052DAB6}
		{80553FAD-CC16-323E-9DEE-31C1F75E595C} = {80553FAD-CC16-323E-9DEE-31C1F75E595C}
		{CF51B037-CE89-31D2-86B6-9581ADAF4413} = {CF51B037-CE89-31D2-86B6-9581ADAF4413}
		{8652A697-9028-3867-B7CA-5D1E60E6288F} = {8652A697-9028-3867-B7CA-5D1E60E6288F}
		{FA285888-D419-330D-9A3A-487C2C023308} = {FA285888-D419-330D-9A3A-487C2C023308}
		{274586CA-ABA5-3746-B309-11DA0C1514CE} = {274586CA-ABA5-3746-B309-11DA0C1514CE}
		{F378B7FD-BC41-3EDB-9297-D89459A831EA} = {F378B7FD-BC41-3EDB-9297-D89459A831EA}
		{756BF828-1B80-31FD-A1FE-3B9229FED998} = {756BF828-1B80-31FD-A1FE-3B9229FED998}
		{F5D867D1-B747-36D8-9138-DCA290D6E2DB} = {F5D867D1-B747-36D8-9138-DCA290D6E2DB}
		{1399D2D2-E026-370C-8BFA-85A48948D1A3} = {1399D2D2-E026-370C-8BFA-85A48948D1A3}
		{6FF73110-5898-328C-A469-C66125806C5E} = {6FF73110-5898-328C-A469-C66125806C5E}
		{0D0DFBA1-858C-36EB-A5F6-737B1E85C453} = {0D0DFBA1-858C-36EB-A5F6-737B1E85C453}
		{FD81B037-5F06-337B-A21C-2E1D9BCF25D1} = {FD81B037-5F06-337B-A21C-2E1D9BCF25D1}
		{7B67A51A-15A1-3459-8ED5-48536A5B53BD} = {7B67A51A-15A1-3459-8ED5-48536A5B53BD}
		{E7649006-40D7-3E39-BCCB-2AEC29863B66} = {E7649006-40D7-3E39-BCCB-2AEC29863B66}
		{4FF0C732-6065-3CEF-BF83-EA0B169DD98E} = {4FF0C732-6065-3CEF-BF83-EA0B169DD98E}
		{BFF69D60-2FA3-3910-AD7F-97C782852609} = {BFF69D60-2FA3-3910-AD7F-97C782852609}
		{7476E3C0-A0E4-326C-81AF-CC40C9014E10} = {7476E3C0-A0E4-326C-81AF-CC40C9014E10}
		{84CFC90D-C344-32AB-94C0-1B7413E28785} = {84CFC90D-C344-32AB-94C0-1B7413E28785}
		{47CCD49D-4C62-318E-B50F-A564F41D1CA6} = {47CCD49D-4C62-318E-B50F-A564F41D1CA6}
		{2C594D9C-B71B-32A3-9B94-75E31BECF532} = {2C594D9C-B71B-32A3-9B94-75E31BECF532}
	EndProjectSection
EndProject
Project("{8BC9CEB8-8B4A-11D0-8D11-00A0C91BC942}") = "INSTALL", "INSTALL.vcxproj", "{F59D2913-728C-3A76-AB26-2A87C53771F1}"
	ProjectSection(ProjectDependencies) = postProject
		{701264FF-2E91-375C-B3AC-8EC62B971292} = {701264FF-2E91-375C-B3AC-8EC62B971292}
		{7574A599-E27C-32B7-8D43-4A31DCFF8F85} = {7574A599-E27C-32B7-8D43-4A31DCFF8F85}
	EndProjectSection
EndProject
Project("{8BC9CEB8-8B4A-11D0-8D11-00A0C91BC942}") = "RUN_TESTS", "RUN_TESTS.vcxproj", "{90B7FABA-691C-3596-947E-53E171073AD2}"
	ProjectSection(ProjectDependencies) = postProject
		{7574A599-E27C-32B7-8D43-4A31DCFF8F85} = {7574A599-E27C-32B7-8D43-4A31DCFF8F85}
	EndProjectSection
EndProject
Project("{8BC9CEB8-8B4A-11D0-8D11-00A0C91BC942}") = "ZERO_CHECK", "ZERO_CHECK.vcxproj", "{7574A599-E27C-32B7-8D43-4A31DCFF8F85}"
	ProjectSection(ProjectDependencies) = postProject
	EndProjectSection
EndProject
Project("{8BC9CEB8-8B4A-11D0-8D11-00A0C91BC942}") = "bench_actor", "benchmark\bench_actor.vcxproj", "{22937851-BC1A-34B7-9B74-BE4F12A4063E}"
	ProjectSection(ProjectDependencies) = postProject
		{7574A599-E27C-32B7-8D43-4A31DCFF8F85} = {7574A599-E27C-32B7-8D43-4A31DCFF8F85}
		{274586CA-ABA5-3746-B309-11DA0C1514CE} = {274586CA-ABA5-3746-B309-11DA0C1514CE}
		{7476E3C0-A0E4-326C-81AF-CC40C9014E10} = {7476E3C0-A0E4-326C-81AF-CC40C9014E10}
	EndProjectSection
EndProject
Project("{8BC9CEB8-8B4A-11D0-8D11-00A0C91BC942}") = "bench_crypto", "benchmark\bench_crypto.vcxproj", "{65EA7DDA-CD27-33AA-898B-18D262A2AEF2}"
	ProjectSection(ProjectDependencies) = postProject
		{7574A599-E27C-32B7-8D43-4A31DCFF8F85} = {7574A599-E27C-32B7-8D43-4A31DCFF8F85}
		{7476E3C0-A0E4-326C-81AF-CC40C9014E10} = {7476E3C0-A0E4-326C-81AF-CC40C9014E10}
	EndProjectSection
EndProject
Project("{8BC9CEB8-8B4A-11D0-8D11-00A0C91BC942}") = "bench_db", "benchmark\bench_db.vcxproj", "{5EBF1DBC-B3E4-3458-AC29-C19BFC3D186D}"
	ProjectSection(ProjectDependencies) = postProject
		{7574A599-E27C-32B7-8D43-4A31DCFF8F85} = {7574A599-E27C-32B7-8D43-4A31DCFF8F85}
		{274586CA-ABA5-3746-B309-11DA0C1514CE} = {274586CA-ABA5-3746-B309-11DA0C1514CE}
		{1399D2D2-E026-370C-8BFA-85A48948D1A3} = {1399D2D2-E026-370C-8BFA-85A48948D1A3}
		{4FF0C732-6065-3CEF-BF83-EA0B169DD98E} = {4FF0C732-6065-3CEF-BF83-EA0B169DD98E}
		{7476E3C0-A0E4-326C-81AF-CC40C9014E10} = {7476E3C0-A0E4-326C-81AF-CC40C9014E10}
	EndProjectSection
EndProject
Project("{8BC9CEB8-8B4A-11D0-8D11-00A0C91BC942}") = "bench_empty", "benchmark\bench_empty.vcxproj", "{E8AED98E-FD10-35DA-99CB-9396BFEB36A4}"
	ProjectSection(ProjectDependencies) = postProject
		{7574A599-E27C-32B7-8D43-4A31DCFF8F85} = {7574A599-E27C-32B7-8D43-4A31DCFF8F85}
		{7476E3C0-A0E4-326C-81AF-CC40C9014E10} = {7476E3C0-A0E4-326C-81AF-CC40C9014E10}
	EndProjectSection
EndProject
Project("{8BC9CEB8-8B4A-11D0-8D11-00A0C91BC942}") = "bench_handshake", "benchmark\bench_handshake.vcxproj", "{9F91A191-5535-3024-AE92-A52F55F20B6F}"
	ProjectSection(ProjectDependencies) = postProject
		{7574A599-E27C-32B7-8D43-4A31DCFF8F85} = {7574A599-E27C-32B7-8D43-4A31DCFF8F85}
		{274586CA-ABA5-3746-B309-11DA0C1514CE} = {274586CA-ABA5-3746-B309-11DA0C1514CE}
		{F378B7FD-BC41-3EDB-9297-D89459A831EA} = {F378B7FD-BC41-3EDB-9297-D89459A831EA}
		{F5D867D1-B747-36D8-9138-DCA290D6E2DB} = {F5D867D1-B747-36D8-9138-DCA290D6E2DB}
		{1399D2D2-E026-370C-8BFA-85A48948D1A3} = {1399D2D2-E026-370C-8BFA-85A48948D1A3}
		{E7649006-40D7-3E39-BCCB-2AEC29863B66} = {E7649006-40D7-3E39-BCCB-2AEC29863B66}
		{4FF0C732-6065-3CEF-BF83-EA0B169DD98E} = {4FF0C732-6065-3CEF-BF83-EA0B169DD98E}
		{7476E3C0-A0E4-326C-81AF-CC40C9014E10} = {7476E3C0-A0E4-326C-81AF-CC40C9014E10}
	EndProjectSection
EndProject
Project("{8BC9CEB8-8B4A-11D0-8D11-00A0C91BC942}") = "bench_http", "benchmark\bench_http.vcxproj", "{A2282C7A-45EC-3D40-989F-E7142E2E9B13}"
	ProjectSection(ProjectDependencies) = postProject
		{7574A599-E27C-32B7-8D43-4A31DCFF8F85} = {7574A599-E27C-32B7-8D43-4A31DCFF8F85}
		{274586CA-ABA5-3746-B309-11DA0C1514CE} = {274586CA-ABA5-3746-B309-11DA0C1514CE}
		{E7649006-40D7-3E39-BCCB-2AEC29863B66} = {E7649006-40D7-3E39-BCCB-2AEC29863B66}
		{7476E3C0-A0E4-326C-81AF-CC40C9014E10} = {7476E3C0-A0E4-326C-81AF-CC40C9014E10}
	EndProjectSection
EndProject
Project("{8BC9CEB8-8B4A-11D0-8D11-00A0C91BC942}") = "bench_http_reader", "benchmark\bench_http_reader.vcxproj", "{72413A3A-CF5A-39F0-B6DF-0EAA6B4052B1}"
	ProjectSection(ProjectDependencies) = postProject
		{7574A599-E27C-32B7-8D43-4A31DCFF8F85} = {7574A599-E27C-32B7-8D43-4A31DCFF8F85}
		{274586CA-ABA5-3746-B309-11DA0C1514CE} = {274586CA-ABA5-3746-B309-11DA0C1514CE}
		{E7649006-40D7-3E39-BCCB-2AEC29863B66} = {E7649006-40D7-3E39-BCCB-2AEC29863B66}
		{7476E3C0-A0E4-326C-81AF-CC40C9014E10} = {7476E3C0-A0E4-326C-81AF-CC40C9014E10}
	EndProjectSection
EndProject
Project("{8BC9CEB8-8B4A-11D0-8D11-00A0C91BC942}") = "bench_http_server", "benchmark\bench_http_server.vcxproj", "{65C3CCFA-F2A0-3967-ABC9-4C6AF029E123}"
	ProjectSection(ProjectDependencies) = postProject
		{7574A599-E27C-32B7-8D43-4A31DCFF8F85} = {7574A599-E27C-32B7-8D43-4A31DCFF8F85}
		{274586CA-ABA5-3746-B309-11DA0C1514CE} = {274586CA-ABA5-3746-B309-11DA0C1514CE}
		{E7649006-40D7-3E39-BCCB-2AEC29863B66} = {E7649006-40D7-3E39-BCCB-2AEC29863B66}
		{7476E3C0-A0E4-326C-81AF-CC40C9014E10} = {7476E3C0-A0E4-326C-81AF-CC40C9014E10}
	EndProjectSection
EndProject
Project("{8BC9CEB8-8B4A-11D0-8D11-00A0C91BC942}") = "bench_http_server_cheat", "benchmark\bench_http_server_cheat.vcxproj", "{B9679C94-E324-3E19-90B9-8C1A66A7DB1C}"
	ProjectSection(ProjectDependencies) = postProject
		{7574A599-E27C-32B7-8D43-4A31DCFF8F85} = {7574A599-E27C-32B7-8D43-4A31DCFF8F85}
		{274586CA-ABA5-3746-B309-11DA0C1514CE} = {274586CA-ABA5-3746-B309-11DA0C1514CE}
		{E7649006-40D7-3E39-BCCB-2AEC29863B66} = {E7649006-40D7-3E39-BCCB-2AEC29863B66}
		{7476E3C0-A0E4-326C-81AF-CC40C9014E10} = {7476E3C0-A0E4-326C-81AF-CC40C9014E10}
	EndProjectSection
EndProject
Project("{8BC9CEB8-8B4A-11D0-8D11-00A0C91BC942}") = "bench_http_server_fast", "benchmark\bench_http_server_fast.vcxproj", "{67E8B155-946D-375C-9AAD-7DA6F3671425}"
	ProjectSection(ProjectDependencies) = postProject
		{7574A599-E27C-32B7-8D43-4A31DCFF8F85} = {7574A599-E27C-32B7-8D43-4A31DCFF8F85}
		{274586CA-ABA5-3746-B309-11DA0C1514CE} = {274586CA-ABA5-3746-B309-11DA0C1514CE}
		{E7649006-40D7-3E39-BCCB-2AEC29863B66} = {E7649006-40D7-3E39-BCCB-2AEC29863B66}
		{7476E3C0-A0E4-326C-81AF-CC40C9014E10} = {7476E3C0-A0E4-326C-81AF-CC40C9014E10}
	EndProjectSection
EndProject
Project("{8BC9CEB8-8B4A-11D0-8D11-00A0C91BC942}") = "bench_misc", "benchmark\bench_misc.vcxproj", "{DFD83FCD-0820-327B-AC62-209DB7B9566E}"
	ProjectSection(ProjectDependencies) = postProject
		{7574A599-E27C-32B7-8D43-4A31DCFF8F85} = {7574A599-E27C-32B7-8D43-4A31DCFF8F85}
		{274586CA-ABA5-3746-B309-11DA0C1514CE} = {274586CA-ABA5-3746-B309-11DA0C1514CE}
		{F378B7FD-BC41-3EDB-9297-D89459A831EA} = {F378B7FD-BC41-3EDB-9297-D89459A831EA}
		{F5D867D1-B747-36D8-9138-DCA290D6E2DB} = {F5D867D1-B747-36D8-9138-DCA290D6E2DB}
		{1399D2D2-E026-370C-8BFA-85A48948D1A3} = {1399D2D2-E026-370C-8BFA-85A48948D1A3}
		{E7649006-40D7-3E39-BCCB-2AEC29863B66} = {E7649006-40D7-3E39-BCCB-2AEC29863B66}
		{4FF0C732-6065-3CEF-BF83-EA0B169DD98E} = {4FF0C732-6065-3CEF-BF83-EA0B169DD98E}
		{7476E3C0-A0E4-326C-81AF-CC40C9014E10} = {7476E3C0-A0E4-326C-81AF-CC40C9014E10}
	EndProjectSection
EndProject
Project("{8BC9CEB8-8B4A-11D0-8D11-00A0C91BC942}") = "bench_tddb", "benchmark\bench_tddb.vcxproj", "{DC58AA61-ACEA-315C-9F73-7D0D0AD9223C}"
	ProjectSection(ProjectDependencies) = postProject
		{7574A599-E27C-32B7-8D43-4A31DCFF8F85} = {7574A599-E27C-32B7-8D43-4A31DCFF8F85}
		{274586CA-ABA5-3746-B309-11DA0C1514CE} = {274586CA-ABA5-3746-B309-11DA0C1514CE}
		{F378B7FD-BC41-3EDB-9297-D89459A831EA} = {F378B7FD-BC41-3EDB-9297-D89459A831EA}
		{F5D867D1-B747-36D8-9138-DCA290D6E2DB} = {F5D867D1-B747-36D8-9138-DCA290D6E2DB}
		{1399D2D2-E026-370C-8BFA-85A48948D1A3} = {1399D2D2-E026-370C-8BFA-85A48948D1A3}
		{E7649006-40D7-3E39-BCCB-2AEC29863B66} = {E7649006-40D7-3E39-BCCB-2AEC29863B66}
		{4FF0C732-6065-3CEF-BF83-EA0B169DD98E} = {4FF0C732-6065-3CEF-BF83-EA0B169DD98E}
		{7476E3C0-A0E4-326C-81AF-CC40C9014E10} = {7476E3C0-A0E4-326C-81AF-CC40C9014E10}
	EndProjectSection
EndProject
Project("{8BC9CEB8-8B4A-11D0-8D11-00A0C91BC942}") = "binlog_dump", "tddb\binlog_dump.vcxproj", "{1522B6A2-B2EE-36A4-A843-976DCC0C4B00}"
	ProjectSection(ProjectDependencies) = postProject
		{7574A599-E27C-32B7-8D43-4A31DCFF8F85} = {7574A599-E27C-32B7-8D43-4A31DCFF8F85}
		{274586CA-ABA5-3746-B309-11DA0C1514CE} = {274586CA-ABA5-3746-B309-11DA0C1514CE}
		{1399D2D2-E026-370C-8BFA-85A48948D1A3} = {1399D2D2-E026-370C-8BFA-85A48948D1A3}
		{4FF0C732-6065-3CEF-BF83-EA0B169DD98E} = {4FF0C732-6065-3CEF-BF83-EA0B169DD98E}
		{7476E3C0-A0E4-326C-81AF-CC40C9014E10} = {7476E3C0-A0E4-326C-81AF-CC40C9014E10}
	EndProjectSection
EndProject
Project("{8BC9CEB8-8B4A-11D0-8D11-00A0C91BC942}") = "check_proxy", "benchmark\check_proxy.vcxproj", "{B2134385-A2AA-3062-928D-557C4AA259D6}"
	ProjectSection(ProjectDependencies) = postProject
		{7574A599-E27C-32B7-8D43-4A31DCFF8F85} = {7574A599-E27C-32B7-8D43-4A31DCFF8F85}
		{274586CA-ABA5-3746-B309-11DA0C1514CE} = {274586CA-ABA5-3746-B309-11DA0C1514CE}
		{F378B7FD-BC41-3EDB-9297-D89459A831EA} = {F378B7FD-BC41-3EDB-9297-D89459A831EA}
		{756BF828-1B80-31FD-A1FE-3B9229FED998} = {756BF828-1B80-31FD-A1FE-3B9229FED998}
		{F5D867D1-B747-36D8-9138-DCA290D6E2DB} = {F5D867D1-B747-36D8-9138-DCA290D6E2DB}
		{1399D2D2-E026-370C-8BFA-85A48948D1A3} = {1399D2D2-E026-370C-8BFA-85A48948D1A3}
		{E7649006-40D7-3E39-BCCB-2AEC29863B66} = {E7649006-40D7-3E39-BCCB-2AEC29863B66}
		{4FF0C732-6065-3CEF-BF83-EA0B169DD98E} = {4FF0C732-6065-3CEF-BF83-EA0B169DD98E}
		{7476E3C0-A0E4-326C-81AF-CC40C9014E10} = {7476E3C0-A0E4-326C-81AF-CC40C9014E10}
	EndProjectSection
EndProject
Project("{8BC9CEB8-8B4A-11D0-8D11-00A0C91BC942}") = "check_tls", "benchmark\check_tls.vcxproj", "{0D2F8FC1-9667-38C6-A2BA-5BD36DC3F848}"
	ProjectSection(ProjectDependencies) = postProject
		{7574A599-E27C-32B7-8D43-4A31DCFF8F85} = {7574A599-E27C-32B7-8D43-4A31DCFF8F85}
		{7476E3C0-A0E4-326C-81AF-CC40C9014E10} = {7476E3C0-A0E4-326C-81AF-CC40C9014E10}
	EndProjectSection
EndProject
Project("{8BC9CEB8-8B4A-11D0-8D11-00A0C91BC942}") = "example", "tdactor\example.vcxproj", "{6E48DC74-1212-3D7C-9F9B-4BBD6D5DE0A5}"
	ProjectSection(ProjectDependencies) = postProject
		{7574A599-E27C-32B7-8D43-4A31DCFF8F85} = {7574A599-E27C-32B7-8D43-4A31DCFF8F85}
		{274586CA-ABA5-3746-B309-11DA0C1514CE} = {274586CA-ABA5-3746-B309-11DA0C1514CE}
		{7476E3C0-A0E4-326C-81AF-CC40C9014E10} = {7476E3C0-A0E4-326C-81AF-CC40C9014E10}
	EndProjectSection
EndProject
Project("{8BC9CEB8-8B4A-11D0-8D11-00A0C91BC942}") = "generate_c", "td\generate\generate_c.vcxproj", "{2174FEF3-C312-381E-B073-1C51A8836495}"
	ProjectSection(ProjectDependencies) = postProject
		{7574A599-E27C-32B7-8D43-4A31DCFF8F85} = {7574A599-E27C-32B7-8D43-4A31DCFF8F85}
		{BFF69D60-2FA3-3910-AD7F-97C782852609} = {BFF69D60-2FA3-3910-AD7F-97C782852609}
	EndProjectSection
EndProject
Project("{8BC9CEB8-8B4A-11D0-8D11-00A0C91BC942}") = "generate_common", "td\generate\generate_common.vcxproj", "{C115110C-385D-341E-8C97-58C59F6C8E3B}"
	ProjectSection(ProjectDependencies) = postProject
		{7574A599-E27C-32B7-8D43-4A31DCFF8F85} = {7574A599-E27C-32B7-8D43-4A31DCFF8F85}
		{BFF69D60-2FA3-3910-AD7F-97C782852609} = {BFF69D60-2FA3-3910-AD7F-97C782852609}
	EndProjectSection
EndProject
Project("{8BC9CEB8-8B4A-11D0-8D11-00A0C91BC942}") = "generate_dotnet_api", "td\generate\generate_dotnet_api.vcxproj", "{7B92B24B-3FDC-3979-AC7C-911983ECFD12}"
	ProjectSection(ProjectDependencies) = postProject
		{7574A599-E27C-32B7-8D43-4A31DCFF8F85} = {7574A599-E27C-32B7-8D43-4A31DCFF8F85}
		{8652A697-9028-3867-B7CA-5D1E60E6288F} = {8652A697-9028-3867-B7CA-5D1E60E6288F}
		{5FAE60E1-44CB-3167-9B54-2BE6246A4E5B} = {5FAE60E1-44CB-3167-9B54-2BE6246A4E5B}
	EndProjectSection
EndProject
Project("{8BC9CEB8-8B4A-11D0-8D11-00A0C91BC942}") = "generate_json", "td\generate\generate_json.vcxproj", "{3796F227-CA8F-39F0-8D50-BFB8582B4B48}"
	ProjectSection(ProjectDependencies) = postProject
		{7574A599-E27C-32B7-8D43-4A31DCFF8F85} = {7574A599-E27C-32B7-8D43-4A31DCFF8F85}
		{BFF69D60-2FA3-3910-AD7F-97C782852609} = {BFF69D60-2FA3-3910-AD7F-97C782852609}
		{7476E3C0-A0E4-326C-81AF-CC40C9014E10} = {7476E3C0-A0E4-326C-81AF-CC40C9014E10}
	EndProjectSection
EndProject
Project("{8BC9CEB8-8B4A-11D0-8D11-00A0C91BC942}") = "generate_mime_types_gperf", "tdutils\generate\generate_mime_types_gperf.vcxproj", "{E5B6651F-2F46-3C88-A6F0-957AAE24EBCA}"
	ProjectSection(ProjectDependencies) = postProject
		{7574A599-E27C-32B7-8D43-4A31DCFF8F85} = {7574A599-E27C-32B7-8D43-4A31DCFF8F85}
	EndProjectSection
EndProject
Project("{8BC9CEB8-8B4A-11D0-8D11-00A0C91BC942}") = "memprof", "memprof.vcxproj", "{A6B6021F-1F4F-375E-BDB6-3D4325AB9E8B}"
	ProjectSection(ProjectDependencies) = postProject
		{7574A599-E27C-32B7-8D43-4A31DCFF8F85} = {7574A599-E27C-32B7-8D43-4A31DCFF8F85}
		{7476E3C0-A0E4-326C-81AF-CC40C9014E10} = {7476E3C0-A0E4-326C-81AF-CC40C9014E10}
	EndProjectSection
EndProject
Project("{8BC9CEB8-8B4A-11D0-8D11-00A0C91BC942}") = "memprof_stat", "memprof_stat.vcxproj", "{AABB6B42-13DD-3D89-A484-6E994147B393}"
	ProjectSection(ProjectDependencies) = postProject
		{7574A599-E27C-32B7-8D43-4A31DCFF8F85} = {7574A599-E27C-32B7-8D43-4A31DCFF8F85}
		{7476E3C0-A0E4-326C-81AF-CC40C9014E10} = {7476E3C0-A0E4-326C-81AF-CC40C9014E10}
	EndProjectSection
EndProject
Project("{8BC9CEB8-8B4A-11D0-8D11-00A0C91BC942}") = "prepare_cross_compiling", "prepare_cross_compiling.vcxproj", "{B6D4119D-FFCD-3BED-A71B-E8127FCC365D}"
	ProjectSection(ProjectDependencies) = postProject
		{7574A599-E27C-32B7-8D43-4A31DCFF8F85} = {7574A599-E27C-32B7-8D43-4A31DCFF8F85}
		{7B92B24B-3FDC-3979-AC7C-911983ECFD12} = {7B92B24B-3FDC-3979-AC7C-911983ECFD12}
		{EA42F8D7-1906-3071-9D1E-3DB927EB3F97} = {EA42F8D7-1906-3071-9D1E-3DB927EB3F97}
		{F1C415EB-EEE1-37B0-B0C0-BC0B0C2E1DDB} = {F1C415EB-EEE1-37B0-B0C0-BC0B0C2E1DDB}
		{8D1250B6-F12D-36B4-995E-F74D455470C6} = {8D1250B6-F12D-36B4-995E-F74D455470C6}
		{D322609F-AA45-3CC0-B5CC-E2E4E2D0FFBB} = {D322609F-AA45-3CC0-B5CC-E2E4E2D0FFBB}
	EndProjectSection
EndProject
Project("{8BC9CEB8-8B4A-11D0-8D11-00A0C91BC942}") = "remove_cpp_documentation", "remove_cpp_documentation.vcxproj", "{EA42F8D7-1906-3071-9D1E-3DB927EB3F97}"
	ProjectSection(ProjectDependencies) = postProject
		{7574A599-E27C-32B7-8D43-4A31DCFF8F85} = {7574A599-E27C-32B7-8D43-4A31DCFF8F85}
		{7B92B24B-3FDC-3979-AC7C-911983ECFD12} = {7B92B24B-3FDC-3979-AC7C-911983ECFD12}
		{1DFE7680-05F6-36EC-8B90-F0538052DAB6} = {1DFE7680-05F6-36EC-8B90-F0538052DAB6}
		{8D1250B6-F12D-36B4-995E-F74D455470C6} = {8D1250B6-F12D-36B4-995E-F74D455470C6}
	EndProjectSection
EndProject
Project("{8BC9CEB8-8B4A-11D0-8D11-00A0C91BC942}") = "remove_documentation", "td\generate\remove_documentation.vcxproj", "{1DFE7680-05F6-36EC-8B90-F0538052DAB6}"
	ProjectSection(ProjectDependencies) = postProject
		{7574A599-E27C-32B7-8D43-4A31DCFF8F85} = {7574A599-E27C-32B7-8D43-4A31DCFF8F85}
		{BFF69D60-2FA3-3910-AD7F-97C782852609} = {BFF69D60-2FA3-3910-AD7F-97C782852609}
	EndProjectSection
EndProject
Project("{8BC9CEB8-8B4A-11D0-8D11-00A0C91BC942}") = "rmdir", "benchmark\rmdir.vcxproj", "{80553FAD-CC16-323E-9DEE-31C1F75E595C}"
	ProjectSection(ProjectDependencies) = postProject
		{7574A599-E27C-32B7-8D43-4A31DCFF8F85} = {7574A599-E27C-32B7-8D43-4A31DCFF8F85}
		{7476E3C0-A0E4-326C-81AF-CC40C9014E10} = {7476E3C0-A0E4-326C-81AF-CC40C9014E10}
	EndProjectSection
EndProject
Project("{8BC9CEB8-8B4A-11D0-8D11-00A0C91BC942}") = "run_all_tests", "test\run_all_tests.vcxproj", "{CF51B037-CE89-31D2-86B6-9581ADAF4413}"
	ProjectSection(ProjectDependencies) = postProject
		{7574A599-E27C-32B7-8D43-4A31DCFF8F85} = {7574A599-E27C-32B7-8D43-4A31DCFF8F85}
		{274586CA-ABA5-3746-B309-11DA0C1514CE} = {274586CA-ABA5-3746-B309-11DA0C1514CE}
		{F378B7FD-BC41-3EDB-9297-D89459A831EA} = {F378B7FD-BC41-3EDB-9297-D89459A831EA}
		{756BF828-1B80-31FD-A1FE-3B9229FED998} = {756BF828-1B80-31FD-A1FE-3B9229FED998}
		{F5D867D1-B747-36D8-9138-DCA290D6E2DB} = {F5D867D1-B747-36D8-9138-DCA290D6E2DB}
		{1399D2D2-E026-370C-8BFA-85A48948D1A3} = {1399D2D2-E026-370C-8BFA-85A48948D1A3}
		{E7649006-40D7-3E39-BCCB-2AEC29863B66} = {E7649006-40D7-3E39-BCCB-2AEC29863B66}
		{4FF0C732-6065-3CEF-BF83-EA0B169DD98E} = {4FF0C732-6065-3CEF-BF83-EA0B169DD98E}
		{7476E3C0-A0E4-326C-81AF-CC40C9014E10} = {7476E3C0-A0E4-326C-81AF-CC40C9014E10}
	EndProjectSection
EndProject
Project("{8BC9CEB8-8B4A-11D0-8D11-00A0C91BC942}") = "td_generate_dotnet_api", "td\generate\td_generate_dotnet_api.vcxproj", "{8652A697-9028-3867-B7CA-5D1E60E6288F}"
	ProjectSection(ProjectDependencies) = postProject
		{7574A599-E27C-32B7-8D43-4A31DCFF8F85} = {7574A599-E27C-32B7-8D43-4A31DCFF8F85}
		{BFF69D60-2FA3-3910-AD7F-97C782852609} = {BFF69D60-2FA3-3910-AD7F-97C782852609}
	EndProjectSection
EndProject
Project("{8BC9CEB8-8B4A-11D0-8D11-00A0C91BC942}") = "td_generate_java_api", "td\generate\td_generate_java_api.vcxproj", "{FA285888-D419-330D-9A3A-487C2C023308}"
	ProjectSection(ProjectDependencies) = postProject
		{7574A599-E27C-32B7-8D43-4A31DCFF8F85} = {7574A599-E27C-32B7-8D43-4A31DCFF8F85}
		{BFF69D60-2FA3-3910-AD7F-97C782852609} = {BFF69D60-2FA3-3910-AD7F-97C782852609}
	EndProjectSection
EndProject
Project("{8BC9CEB8-8B4A-11D0-8D11-00A0C91BC942}") = "tdactor", "tdactor\tdactor.vcxproj", "{274586CA-ABA5-3746-B309-11DA0C1514CE}"
	ProjectSection(ProjectDependencies) = postProject
		{7574A599-E27C-32B7-8D43-4A31DCFF8F85} = {7574A599-E27C-32B7-8D43-4A31DCFF8F85}
		{7476E3C0-A0E4-326C-81AF-CC40C9014E10} = {7476E3C0-A0E4-326C-81AF-CC40C9014E10}
	EndProjectSection
EndProject
Project("{8BC9CEB8-8B4A-11D0-8D11-00A0C91BC942}") = "tdapi", "tdapi.vcxproj", "{F378B7FD-BC41-3EDB-9297-D89459A831EA}"
	ProjectSection(ProjectDependencies) = postProject
		{7574A599-E27C-32B7-8D43-4A31DCFF8F85} = {7574A599-E27C-32B7-8D43-4A31DCFF8F85}
		{7476E3C0-A0E4-326C-81AF-CC40C9014E10} = {7476E3C0-A0E4-326C-81AF-CC40C9014E10}
		{8D1250B6-F12D-36B4-995E-F74D455470C6} = {8D1250B6-F12D-36B4-995E-F74D455470C6}
	EndProjectSection
EndProject
Project("{8BC9CEB8-8B4A-11D0-8D11-00A0C91BC942}") = "tdc", "tdc.vcxproj", "{52FB60CE-62CA-3877-8350-EC83FB661D02}"
	ProjectSection(ProjectDependencies) = postProject
		{7574A599-E27C-32B7-8D43-4A31DCFF8F85} = {7574A599-E27C-32B7-8D43-4A31DCFF8F85}
		{274586CA-ABA5-3746-B309-11DA0C1514CE} = {274586CA-ABA5-3746-B309-11DA0C1514CE}
		{F378B7FD-BC41-3EDB-9297-D89459A831EA} = {F378B7FD-BC41-3EDB-9297-D89459A831EA}
		{756BF828-1B80-31FD-A1FE-3B9229FED998} = {756BF828-1B80-31FD-A1FE-3B9229FED998}
		{F5D867D1-B747-36D8-9138-DCA290D6E2DB} = {F5D867D1-B747-36D8-9138-DCA290D6E2DB}
		{1399D2D2-E026-370C-8BFA-85A48948D1A3} = {1399D2D2-E026-370C-8BFA-85A48948D1A3}
		{E7649006-40D7-3E39-BCCB-2AEC29863B66} = {E7649006-40D7-3E39-BCCB-2AEC29863B66}
		{4FF0C732-6065-3CEF-BF83-EA0B169DD98E} = {4FF0C732-6065-3CEF-BF83-EA0B169DD98E}
		{7476E3C0-A0E4-326C-81AF-CC40C9014E10} = {7476E3C0-A0E4-326C-81AF-CC40C9014E10}
		{F3DB0C15-8F63-341C-9D17-6E8B5E6F40A4} = {F3DB0C15-8F63-341C-9D17-6E8B5E6F40A4}
	EndProjectSection
EndProject
Project("{8BC9CEB8-8B4A-11D0-8D11-00A0C91BC942}") = "tdclient", "tdclient.vcxproj", "{756BF828-1B80-31FD-A1FE-3B9229FED998}"
	ProjectSection(ProjectDependencies) = postProject
		{7574A599-E27C-32B7-8D43-4A31DCFF8F85} = {7574A599-E27C-32B7-8D43-4A31DCFF8F85}
		{274586CA-ABA5-3746-B309-11DA0C1514CE} = {274586CA-ABA5-3746-B309-11DA0C1514CE}
		{F378B7FD-BC41-3EDB-9297-D89459A831EA} = {F378B7FD-BC41-3EDB-9297-D89459A831EA}
		{F5D867D1-B747-36D8-9138-DCA290D6E2DB} = {F5D867D1-B747-36D8-9138-DCA290D6E2DB}
		{1399D2D2-E026-370C-8BFA-85A48948D1A3} = {1399D2D2-E026-370C-8BFA-85A48948D1A3}
		{E7649006-40D7-3E39-BCCB-2AEC29863B66} = {E7649006-40D7-3E39-BCCB-2AEC29863B66}
		{4FF0C732-6065-3CEF-BF83-EA0B169DD98E} = {4FF0C732-6065-3CEF-BF83-EA0B169DD98E}
		{7476E3C0-A0E4-326C-81AF-CC40C9014E10} = {7476E3C0-A0E4-326C-81AF-CC40C9014E10}
	EndProjectSection
EndProject
Project("{8BC9CEB8-8B4A-11D0-8D11-00A0C91BC942}") = "tdcore", "tdcore.vcxproj", "{F5D867D1-B747-36D8-9138-DCA290D6E2DB}"
	ProjectSection(ProjectDependencies) = postProject
		{7574A599-E27C-32B7-8D43-4A31DCFF8F85} = {7574A599-E27C-32B7-8D43-4A31DCFF8F85}
		{EA42F8D7-1906-3071-9D1E-3DB927EB3F97} = {EA42F8D7-1906-3071-9D1E-3DB927EB3F97}
		{274586CA-ABA5-3746-B309-11DA0C1514CE} = {274586CA-ABA5-3746-B309-11DA0C1514CE}
		{F378B7FD-BC41-3EDB-9297-D89459A831EA} = {F378B7FD-BC41-3EDB-9297-D89459A831EA}
		{1399D2D2-E026-370C-8BFA-85A48948D1A3} = {1399D2D2-E026-370C-8BFA-85A48948D1A3}
		{E7649006-40D7-3E39-BCCB-2AEC29863B66} = {E7649006-40D7-3E39-BCCB-2AEC29863B66}
		{4FF0C732-6065-3CEF-BF83-EA0B169DD98E} = {4FF0C732-6065-3CEF-BF83-EA0B169DD98E}
		{7476E3C0-A0E4-326C-81AF-CC40C9014E10} = {7476E3C0-A0E4-326C-81AF-CC40C9014E10}
		{8D1250B6-F12D-36B4-995E-F74D455470C6} = {8D1250B6-F12D-36B4-995E-F74D455470C6}
	EndProjectSection
EndProject
Project("{8BC9CEB8-8B4A-11D0-8D11-00A0C91BC942}") = "tddb", "tddb\tddb.vcxproj", "{1399D2D2-E026-370C-8BFA-85A48948D1A3}"
	ProjectSection(ProjectDependencies) = postProject
		{7574A599-E27C-32B7-8D43-4A31DCFF8F85} = {7574A599-E27C-32B7-8D43-4A31DCFF8F85}
		{274586CA-ABA5-3746-B309-11DA0C1514CE} = {274586CA-ABA5-3746-B309-11DA0C1514CE}
		{4FF0C732-6065-3CEF-BF83-EA0B169DD98E} = {4FF0C732-6065-3CEF-BF83-EA0B169DD98E}
		{7476E3C0-A0E4-326C-81AF-CC40C9014E10} = {7476E3C0-A0E4-326C-81AF-CC40C9014E10}
	EndProjectSection
EndProject
Project("{8BC9CEB8-8B4A-11D0-8D11-00A0C91BC942}") = "tddotnet", "tddotnet.vcxproj", "{6FF73110-5898-328C-A469-C66125806C5E}"
	ProjectSection(ProjectDependencies) = postProject
		{7574A599-E27C-32B7-8D43-4A31DCFF8F85} = {7574A599-E27C-32B7-8D43-4A31DCFF8F85}
		{7B92B24B-3FDC-3979-AC7C-911983ECFD12} = {7B92B24B-3FDC-3979-AC7C-911983ECFD12}
		{274586CA-ABA5-3746-B309-11DA0C1514CE} = {274586CA-ABA5-3746-B309-11DA0C1514CE}
		{F378B7FD-BC41-3EDB-9297-D89459A831EA} = {F378B7FD-BC41-3EDB-9297-D89459A831EA}
		{756BF828-1B80-31FD-A1FE-3B9229FED998} = {756BF828-1B80-31FD-A1FE-3B9229FED998}
		{F5D867D1-B747-36D8-9138-DCA290D6E2DB} = {F5D867D1-B747-36D8-9138-DCA290D6E2DB}
		{1399D2D2-E026-370C-8BFA-85A48948D1A3} = {1399D2D2-E026-370C-8BFA-85A48948D1A3}
		{E7649006-40D7-3E39-BCCB-2AEC29863B66} = {E7649006-40D7-3E39-BCCB-2AEC29863B66}
		{4FF0C732-6065-3CEF-BF83-EA0B169DD98E} = {4FF0C732-6065-3CEF-BF83-EA0B169DD98E}
		{7476E3C0-A0E4-326C-81AF-CC40C9014E10} = {7476E3C0-A0E4-326C-81AF-CC40C9014E10}
	EndProjectSection
EndProject
Project("{8BC9CEB8-8B4A-11D0-8D11-00A0C91BC942}") = "tdjson", "tdjson.vcxproj", "{0D0DFBA1-858C-36EB-A5F6-737B1E85C453}"
	ProjectSection(ProjectDependencies) = postProject
		{7574A599-E27C-32B7-8D43-4A31DCFF8F85} = {7574A599-E27C-32B7-8D43-4A31DCFF8F85}
		{274586CA-ABA5-3746-B309-11DA0C1514CE} = {274586CA-ABA5-3746-B309-11DA0C1514CE}
		{F378B7FD-BC41-3EDB-9297-D89459A831EA} = {F378B7FD-BC41-3EDB-9297-D89459A831EA}
		{756BF828-1B80-31FD-A1FE-3B9229FED998} = {756BF828-1B80-31FD-A1FE-3B9229FED998}
		{F5D867D1-B747-36D8-9138-DCA290D6E2DB} = {F5D867D1-B747-36D8-9138-DCA290D6E2DB}
		{1399D2D2-E026-370C-8BFA-85A48948D1A3} = {1399D2D2-E026-370C-8BFA-85A48948D1A3}
		{FD81B037-5F06-337B-A21C-2E1D9BCF25D1} = {FD81B037-5F06-337B-A21C-2E1D9BCF25D1}
		{E7649006-40D7-3E39-BCCB-2AEC29863B66} = {E7649006-40D7-3E39-BCCB-2AEC29863B66}
		{4FF0C732-6065-3CEF-BF83-EA0B169DD98E} = {4FF0C732-6065-3CEF-BF83-EA0B169DD98E}
		{7476E3C0-A0E4-326C-81AF-CC40C9014E10} = {7476E3C0-A0E4-326C-81AF-CC40C9014E10}
	EndProjectSection
EndProject
Project("{8BC9CEB8-8B4A-11D0-8D11-00A0C91BC942}") = "tdjson_private", "tdjson_private.vcxproj", "{FD81B037-5F06-337B-A21C-2E1D9BCF25D1}"
	ProjectSection(ProjectDependencies) = postProject
		{7574A599-E27C-32B7-8D43-4A31DCFF8F85} = {7574A599-E27C-32B7-8D43-4A31DCFF8F85}
		{EA42F8D7-1906-3071-9D1E-3DB927EB3F97} = {EA42F8D7-1906-3071-9D1E-3DB927EB3F97}
		{274586CA-ABA5-3746-B309-11DA0C1514CE} = {274586CA-ABA5-3746-B309-11DA0C1514CE}
		{F378B7FD-BC41-3EDB-9297-D89459A831EA} = {F378B7FD-BC41-3EDB-9297-D89459A831EA}
		{756BF828-1B80-31FD-A1FE-3B9229FED998} = {756BF828-1B80-31FD-A1FE-3B9229FED998}
		{F5D867D1-B747-36D8-9138-DCA290D6E2DB} = {F5D867D1-B747-36D8-9138-DCA290D6E2DB}
		{1399D2D2-E026-370C-8BFA-85A48948D1A3} = {1399D2D2-E026-370C-8BFA-85A48948D1A3}
		{E7649006-40D7-3E39-BCCB-2AEC29863B66} = {E7649006-40D7-3E39-BCCB-2AEC29863B66}
		{4FF0C732-6065-3CEF-BF83-EA0B169DD98E} = {4FF0C732-6065-3CEF-BF83-EA0B169DD98E}
		{7476E3C0-A0E4-326C-81AF-CC40C9014E10} = {7476E3C0-A0E4-326C-81AF-CC40C9014E10}
		{8D1250B6-F12D-36B4-995E-F74D455470C6} = {8D1250B6-F12D-36B4-995E-F74D455470C6}
		{D322609F-AA45-3CC0-B5CC-E2E4E2D0FFBB} = {D322609F-AA45-3CC0-B5CC-E2E4E2D0FFBB}
	EndProjectSection
EndProject
Project("{8BC9CEB8-8B4A-11D0-8D11-00A0C91BC942}") = "tdjson_static", "tdjson_static.vcxproj", "{7B67A51A-15A1-3459-8ED5-48536A5B53BD}"
	ProjectSection(ProjectDependencies) = postProject
		{7574A599-E27C-32B7-8D43-4A31DCFF8F85} = {7574A599-E27C-32B7-8D43-4A31DCFF8F85}
		{274586CA-ABA5-3746-B309-11DA0C1514CE} = {274586CA-ABA5-3746-B309-11DA0C1514CE}
		{F378B7FD-BC41-3EDB-9297-D89459A831EA} = {F378B7FD-BC41-3EDB-9297-D89459A831EA}
		{756BF828-1B80-31FD-A1FE-3B9229FED998} = {756BF828-1B80-31FD-A1FE-3B9229FED998}
		{F5D867D1-B747-36D8-9138-DCA290D6E2DB} = {F5D867D1-B747-36D8-9138-DCA290D6E2DB}
		{1399D2D2-E026-370C-8BFA-85A48948D1A3} = {1399D2D2-E026-370C-8BFA-85A48948D1A3}
		{FD81B037-5F06-337B-A21C-2E1D9BCF25D1} = {FD81B037-5F06-337B-A21C-2E1D9BCF25D1}
		{E7649006-40D7-3E39-BCCB-2AEC29863B66} = {E7649006-40D7-3E39-BCCB-2AEC29863B66}
		{4FF0C732-6065-3CEF-BF83-EA0B169DD98E} = {4FF0C732-6065-3CEF-BF83-EA0B169DD98E}
		{7476E3C0-A0E4-326C-81AF-CC40C9014E10} = {7476E3C0-A0E4-326C-81AF-CC40C9014E10}
	EndProjectSection
EndProject
Project("{8BC9CEB8-8B4A-11D0-8D11-00A0C91BC942}") = "tdmime_auto", "tdutils\generate\tdmime_auto.vcxproj", "{F1C415EB-EEE1-37B0-B0C0-BC0B0C2E1DDB}"
	ProjectSection(ProjectDependencies) = postProject
		{7574A599-E27C-32B7-8D43-4A31DCFF8F85} = {7574A599-E27C-32B7-8D43-4A31DCFF8F85}
		{E5B6651F-2F46-3C88-A6F0-957AAE24EBCA} = {E5B6651F-2F46-3C88-A6F0-957AAE24EBCA}
	EndProjectSection
EndProject
Project("{8BC9CEB8-8B4A-11D0-8D11-00A0C91BC942}") = "tdnet", "tdnet\tdnet.vcxproj", "{E7649006-40D7-3E39-BCCB-2AEC29863B66}"
	ProjectSection(ProjectDependencies) = postProject
		{7574A599-E27C-32B7-8D43-4A31DCFF8F85} = {7574A599-E27C-32B7-8D43-4A31DCFF8F85}
		{274586CA-ABA5-3746-B309-11DA0C1514CE} = {274586CA-ABA5-3746-B309-11DA0C1514CE}
		{7476E3C0-A0E4-326C-81AF-CC40C9014E10} = {7476E3C0-A0E4-326C-81AF-CC40C9014E10}
	EndProjectSection
EndProject
Project("{8BC9CEB8-8B4A-11D0-8D11-00A0C91BC942}") = "tdsqlite", "sqlite\tdsqlite.vcxproj", "{4FF0C732-6065-3CEF-BF83-EA0B169DD98E}"
	ProjectSection(ProjectDependencies) = postProject
		{7574A599-E27C-32B7-8D43-4A31DCFF8F85} = {7574A599-E27C-32B7-8D43-4A31DCFF8F85}
	EndProjectSection
EndProject
Project("{8BC9CEB8-8B4A-11D0-8D11-00A0C91BC942}") = "tdtl", "tdtl\tdtl.vcxproj", "{BFF69D60-2FA3-3910-AD7F-97C782852609}"
	ProjectSection(ProjectDependencies) = postProject
		{7574A599-E27C-32B7-8D43-4A31DCFF8F85} = {7574A599-E27C-32B7-8D43-4A31DCFF8F85}
	EndProjectSection
EndProject
Project("{8BC9CEB8-8B4A-11D0-8D11-00A0C91BC942}") = "tdutils", "tdutils\tdutils.vcxproj", "{7476E3C0-A0E4-326C-81AF-CC40C9014E10}"
	ProjectSection(ProjectDependencies) = postProject
		{7574A599-E27C-32B7-8D43-4A31DCFF8F85} = {7574A599-E27C-32B7-8D43-4A31DCFF8F85}
		{F1C415EB-EEE1-37B0-B0C0-BC0B0C2E1DDB} = {F1C415EB-EEE1-37B0-B0C0-BC0B0C2E1DDB}
	EndProjectSection
EndProject
Project("{8BC9CEB8-8B4A-11D0-8D11-00A0C91BC942}") = "test-crypto", "test\test-crypto.vcxproj", "{FBF1EFCA-2BF7-36C8-ACB0-1C79BC9E7634}"
	ProjectSection(ProjectDependencies) = postProject
		{7574A599-E27C-32B7-8D43-4A31DCFF8F85} = {7574A599-E27C-32B7-8D43-4A31DCFF8F85}
		{274586CA-ABA5-3746-B309-11DA0C1514CE} = {274586CA-ABA5-3746-B309-11DA0C1514CE}
		{F378B7FD-BC41-3EDB-9297-D89459A831EA} = {F378B7FD-BC41-3EDB-9297-D89459A831EA}
		{F5D867D1-B747-36D8-9138-DCA290D6E2DB} = {F5D867D1-B747-36D8-9138-DCA290D6E2DB}
		{1399D2D2-E026-370C-8BFA-85A48948D1A3} = {1399D2D2-E026-370C-8BFA-85A48948D1A3}
		{E7649006-40D7-3E39-BCCB-2AEC29863B66} = {E7649006-40D7-3E39-BCCB-2AEC29863B66}
		{4FF0C732-6065-3CEF-BF83-EA0B169DD98E} = {4FF0C732-6065-3CEF-BF83-EA0B169DD98E}
		{7476E3C0-A0E4-326C-81AF-CC40C9014E10} = {7476E3C0-A0E4-326C-81AF-CC40C9014E10}
	EndProjectSection
EndProject
Project("{8BC9CEB8-8B4A-11D0-8D11-00A0C91BC942}") = "test-online", "test\test-online.vcxproj", "{94427D48-DC91-38E6-BB08-C2E282AE2FBF}"
	ProjectSection(ProjectDependencies) = postProject
		{7574A599-E27C-32B7-8D43-4A31DCFF8F85} = {7574A599-E27C-32B7-8D43-4A31DCFF8F85}
		{274586CA-ABA5-3746-B309-11DA0C1514CE} = {274586CA-ABA5-3746-B309-11DA0C1514CE}
		{F378B7FD-BC41-3EDB-9297-D89459A831EA} = {F378B7FD-BC41-3EDB-9297-D89459A831EA}
		{756BF828-1B80-31FD-A1FE-3B9229FED998} = {756BF828-1B80-31FD-A1FE-3B9229FED998}
		{F5D867D1-B747-36D8-9138-DCA290D6E2DB} = {F5D867D1-B747-36D8-9138-DCA290D6E2DB}
		{1399D2D2-E026-370C-8BFA-85A48948D1A3} = {1399D2D2-E026-370C-8BFA-85A48948D1A3}
		{E7649006-40D7-3E39-BCCB-2AEC29863B66} = {E7649006-40D7-3E39-BCCB-2AEC29863B66}
		{4FF0C732-6065-3CEF-BF83-EA0B169DD98E} = {4FF0C732-6065-3CEF-BF83-EA0B169DD98E}
		{7476E3C0-A0E4-326C-81AF-CC40C9014E10} = {7476E3C0-A0E4-326C-81AF-CC40C9014E10}
	EndProjectSection
EndProject
Project("{8BC9CEB8-8B4A-11D0-8D11-00A0C91BC942}") = "test-tdutils", "test\test-tdutils.vcxproj", "{A19F0B3C-081F-30D1-8785-5B4166A57FBC}"
	ProjectSection(ProjectDependencies) = postProject
		{7574A599-E27C-32B7-8D43-4A31DCFF8F85} = {7574A599-E27C-32B7-8D43-4A31DCFF8F85}
		{7476E3C0-A0E4-326C-81AF-CC40C9014E10} = {7476E3C0-A0E4-326C-81AF-CC40C9014E10}
	EndProjectSection
EndProject
Project("{8BC9CEB8-8B4A-11D0-8D11-00A0C91BC942}") = "tg_cli", "tg_cli.vcxproj", "{84CFC90D-C344-32AB-94C0-1B7413E28785}"
	ProjectSection(ProjectDependencies) = postProject
		{7574A599-E27C-32B7-8D43-4A31DCFF8F85} = {7574A599-E27C-32B7-8D43-4A31DCFF8F85}
		{A6B6021F-1F4F-375E-BDB6-3D4325AB9E8B} = {A6B6021F-1F4F-375E-BDB6-3D4325AB9E8B}
		{274586CA-ABA5-3746-B309-11DA0C1514CE} = {274586CA-ABA5-3746-B309-11DA0C1514CE}
		{F378B7FD-BC41-3EDB-9297-D89459A831EA} = {F378B7FD-BC41-3EDB-9297-D89459A831EA}
		{756BF828-1B80-31FD-A1FE-3B9229FED998} = {756BF828-1B80-31FD-A1FE-3B9229FED998}
		{F5D867D1-B747-36D8-9138-DCA290D6E2DB} = {F5D867D1-B747-36D8-9138-DCA290D6E2DB}
		{1399D2D2-E026-370C-8BFA-85A48948D1A3} = {1399D2D2-E026-370C-8BFA-85A48948D1A3}
		{E7649006-40D7-3E39-BCCB-2AEC29863B66} = {E7649006-40D7-3E39-BCCB-2AEC29863B66}
		{4FF0C732-6065-3CEF-BF83-EA0B169DD98E} = {4FF0C732-6065-3CEF-BF83-EA0B169DD98E}
		{7476E3C0-A0E4-326C-81AF-CC40C9014E10} = {7476E3C0-A0E4-326C-81AF-CC40C9014E10}
		{D322609F-AA45-3CC0-B5CC-E2E4E2D0FFBB} = {D322609F-AA45-3CC0-B5CC-E2E4E2D0FFBB}
	EndProjectSection
EndProject
Project("{8BC9CEB8-8B4A-11D0-8D11-00A0C91BC942}") = "tl-parser", "td\generate\tl-parser\tl-parser.vcxproj", "{47CCD49D-4C62-318E-B50F-A564F41D1CA6}"
	ProjectSection(ProjectDependencies) = postProject
		{7574A599-E27C-32B7-8D43-4A31DCFF8F85} = {7574A599-E27C-32B7-8D43-4A31DCFF8F85}
	EndProjectSection
EndProject
Project("{8BC9CEB8-8B4A-11D0-8D11-00A0C91BC942}") = "tl_generate_c", "td\generate\tl_generate_c.vcxproj", "{F3DB0C15-8F63-341C-9D17-6E8B5E6F40A4}"
	ProjectSection(ProjectDependencies) = postProject
		{7574A599-E27C-32B7-8D43-4A31DCFF8F85} = {7574A599-E27C-32B7-8D43-4A31DCFF8F85}
		{2174FEF3-C312-381E-B073-1C51A8836495} = {2174FEF3-C312-381E-B073-1C51A8836495}
		{5FAE60E1-44CB-3167-9B54-2BE6246A4E5B} = {5FAE60E1-44CB-3167-9B54-2BE6246A4E5B}
	EndProjectSection
EndProject
Project("{8BC9CEB8-8B4A-11D0-8D11-00A0C91BC942}") = "tl_generate_common", "td\generate\tl_generate_common.vcxproj", "{8D1250B6-F12D-36B4-995E-F74D455470C6}"
	ProjectSection(ProjectDependencies) = postProject
		{7574A599-E27C-32B7-8D43-4A31DCFF8F85} = {7574A599-E27C-32B7-8D43-4A31DCFF8F85}
		{C115110C-385D-341E-8C97-58C59F6C8E3B} = {C115110C-385D-341E-8C97-58C59F6C8E3B}
		{5FAE60E1-44CB-3167-9B54-2BE6246A4E5B} = {5FAE60E1-44CB-3167-9B54-2BE6246A4E5B}
	EndProjectSection
EndProject
Project("{8BC9CEB8-8B4A-11D0-8D11-00A0C91BC942}") = "tl_generate_json", "td\generate\tl_generate_json.vcxproj", "{D322609F-AA45-3CC0-B5CC-E2E4E2D0FFBB}"
	ProjectSection(ProjectDependencies) = postProject
		{7574A599-E27C-32B7-8D43-4A31DCFF8F85} = {7574A599-E27C-32B7-8D43-4A31DCFF8F85}
		{3796F227-CA8F-39F0-8D50-BFB8582B4B48} = {3796F227-CA8F-39F0-8D50-BFB8582B4B48}
		{5FAE60E1-44CB-3167-9B54-2BE6246A4E5B} = {5FAE60E1-44CB-3167-9B54-2BE6246A4E5B}
	EndProjectSection
EndProject
Project("{8BC9CEB8-8B4A-11D0-8D11-00A0C91BC942}") = "tl_generate_tlo", "td\generate\tl_generate_tlo.vcxproj", "{5FAE60E1-44CB-3167-9B54-2BE6246A4E5B}"
	ProjectSection(ProjectDependencies) = postProject
		{7574A599-E27C-32B7-8D43-4A31DCFF8F85} = {7574A599-E27C-32B7-8D43-4A31DCFF8F85}
		{47CCD49D-4C62-318E-B50F-A564F41D1CA6} = {47CCD49D-4C62-318E-B50F-A564F41D1CA6}
	EndProjectSection
EndProject
Project("{8BC9CEB8-8B4A-11D0-8D11-00A0C91BC942}") = "wget", "benchmark\wget.vcxproj", "{2C594D9C-B71B-32A3-9B94-75E31BECF532}"
	ProjectSection(ProjectDependencies) = postProject
		{7574A599-E27C-32B7-8D43-4A31DCFF8F85} = {7574A599-E27C-32B7-8D43-4A31DCFF8F85}
		{274586CA-ABA5-3746-B309-11DA0C1514CE} = {274586CA-ABA5-3746-B309-11DA0C1514CE}
		{E7649006-40D7-3E39-BCCB-2AEC29863B66} = {E7649006-40D7-3E39-BCCB-2AEC29863B66}
		{7476E3C0-A0E4-326C-81AF-CC40C9014E10} = {7476E3C0-A0E4-326C-81AF-CC40C9014E10}
	EndProjectSection
EndProject
Global
	GlobalSection(SolutionConfigurationPlatforms) = preSolution
		Debug|x64 = Debug|x64
		Release|x64 = Release|x64
		MinSizeRel|x64 = MinSizeRel|x64
		RelWithDebInfo|x64 = RelWithDebInfo|x64
	EndGlobalSection
	GlobalSection(ProjectConfigurationPlatforms) = postSolution
		{701264FF-2E91-375C-B3AC-8EC62B971292}.Debug|x64.ActiveCfg = Debug|x64
		{701264FF-2E91-375C-B3AC-8EC62B971292}.Debug|x64.Build.0 = Debug|x64
		{701264FF-2E91-375C-B3AC-8EC62B971292}.Release|x64.ActiveCfg = Release|x64
		{701264FF-2E91-375C-B3AC-8EC62B971292}.Release|x64.Build.0 = Release|x64
		{701264FF-2E91-375C-B3AC-8EC62B971292}.MinSizeRel|x64.ActiveCfg = MinSizeRel|x64
		{701264FF-2E91-375C-B3AC-8EC62B971292}.MinSizeRel|x64.Build.0 = MinSizeRel|x64
		{701264FF-2E91-375C-B3AC-8EC62B971292}.RelWithDebInfo|x64.ActiveCfg = RelWithDebInfo|x64
		{701264FF-2E91-375C-B3AC-8EC62B971292}.RelWithDebInfo|x64.Build.0 = RelWithDebInfo|x64
		{F59D2913-728C-3A76-AB26-2A87C53771F1}.Debug|x64.ActiveCfg = Debug|x64
		{F59D2913-728C-3A76-AB26-2A87C53771F1}.Release|x64.ActiveCfg = Release|x64
		{F59D2913-728C-3A76-AB26-2A87C53771F1}.MinSizeRel|x64.ActiveCfg = MinSizeRel|x64
		{F59D2913-728C-3A76-AB26-2A87C53771F1}.RelWithDebInfo|x64.ActiveCfg = RelWithDebInfo|x64
		{90B7FABA-691C-3596-947E-53E171073AD2}.Debug|x64.ActiveCfg = Debug|x64
		{90B7FABA-691C-3596-947E-53E171073AD2}.Release|x64.ActiveCfg = Release|x64
		{90B7FABA-691C-3596-947E-53E171073AD2}.MinSizeRel|x64.ActiveCfg = MinSizeRel|x64
		{90B7FABA-691C-3596-947E-53E171073AD2}.RelWithDebInfo|x64.ActiveCfg = RelWithDebInfo|x64
		{7574A599-E27C-32B7-8D43-4A31DCFF8F85}.Debug|x64.ActiveCfg = Debug|x64
		{7574A599-E27C-32B7-8D43-4A31DCFF8F85}.Debug|x64.Build.0 = Debug|x64
		{7574A599-E27C-32B7-8D43-4A31DCFF8F85}.Release|x64.ActiveCfg = Release|x64
		{7574A599-E27C-32B7-8D43-4A31DCFF8F85}.Release|x64.Build.0 = Release|x64
		{7574A599-E27C-32B7-8D43-4A31DCFF8F85}.MinSizeRel|x64.ActiveCfg = MinSizeRel|x64
		{7574A599-E27C-32B7-8D43-4A31DCFF8F85}.MinSizeRel|x64.Build.0 = MinSizeRel|x64
		{7574A599-E27C-32B7-8D43-4A31DCFF8F85}.RelWithDebInfo|x64.ActiveCfg = RelWithDebInfo|x64
		{7574A599-E27C-32B7-8D43-4A31DCFF8F85}.RelWithDebInfo|x64.Build.0 = RelWithDebInfo|x64
		{22937851-BC1A-34B7-9B74-BE4F12A4063E}.Debug|x64.ActiveCfg = Debug|x64
		{22937851-BC1A-34B7-9B74-BE4F12A4063E}.Debug|x64.Build.0 = Debug|x64
		{22937851-BC1A-34B7-9B74-BE4F12A4063E}.Release|x64.ActiveCfg = Release|x64
		{22937851-BC1A-34B7-9B74-BE4F12A4063E}.Release|x64.Build.0 = Release|x64
		{22937851-BC1A-34B7-9B74-BE4F12A4063E}.MinSizeRel|x64.ActiveCfg = MinSizeRel|x64
		{22937851-BC1A-34B7-9B74-BE4F12A4063E}.MinSizeRel|x64.Build.0 = MinSizeRel|x64
		{22937851-BC1A-34B7-9B74-BE4F12A4063E}.RelWithDebInfo|x64.ActiveCfg = RelWithDebInfo|x64
		{22937851-BC1A-34B7-9B74-BE4F12A4063E}.RelWithDebInfo|x64.Build.0 = RelWithDebInfo|x64
		{65EA7DDA-CD27-33AA-898B-18D262A2AEF2}.Debug|x64.ActiveCfg = Debug|x64
		{65EA7DDA-CD27-33AA-898B-18D262A2AEF2}.Debug|x64.Build.0 = Debug|x64
		{65EA7DDA-CD27-33AA-898B-18D262A2AEF2}.Release|x64.ActiveCfg = Release|x64
		{65EA7DDA-CD27-33AA-898B-18D262A2AEF2}.Release|x64.Build.0 = Release|x64
		{65EA7DDA-CD27-33AA-898B-18D262A2AEF2}.MinSizeRel|x64.ActiveCfg = MinSizeRel|x64
		{65EA7DDA-CD27-33AA-898B-18D262A2AEF2}.MinSizeRel|x64.Build.0 = MinSizeRel|x64
		{65EA7DDA-CD27-33AA-898B-18D262A2AEF2}.RelWithDebInfo|x64.ActiveCfg = RelWithDebInfo|x64
		{65EA7DDA-CD27-33AA-898B-18D262A2AEF2}.RelWithDebInfo|x64.Build.0 = RelWithDebInfo|x64
		{5EBF1DBC-B3E4-3458-AC29-C19BFC3D186D}.Debug|x64.ActiveCfg = Debug|x64
		{5EBF1DBC-B3E4-3458-AC29-C19BFC3D186D}.Debug|x64.Build.0 = Debug|x64
		{5EBF1DBC-B3E4-3458-AC29-C19BFC3D186D}.Release|x64.ActiveCfg = Release|x64
		{5EBF1DBC-B3E4-3458-AC29-C19BFC3D186D}.Release|x64.Build.0 = Release|x64
		{5EBF1DBC-B3E4-3458-AC29-C19BFC3D186D}.MinSizeRel|x64.ActiveCfg = MinSizeRel|x64
		{5EBF1DBC-B3E4-3458-AC29-C19BFC3D186D}.MinSizeRel|x64.Build.0 = MinSizeRel|x64
		{5EBF1DBC-B3E4-3458-AC29-C19BFC3D186D}.RelWithDebInfo|x64.ActiveCfg = RelWithDebInfo|x64
		{5EBF1DBC-B3E4-3458-AC29-C19BFC3D186D}.RelWithDebInfo|x64.Build.0 = RelWithDebInfo|x64
		{E8AED98E-FD10-35DA-99CB-9396BFEB36A4}.Debug|x64.ActiveCfg = Debug|x64
		{E8AED98E-FD10-35DA-99CB-9396BFEB36A4}.Debug|x64.Build.0 = Debug|x64
		{E8AED98E-FD10-35DA-99CB-9396BFEB36A4}.Release|x64.ActiveCfg = Release|x64
		{E8AED98E-FD10-35DA-99CB-9396BFEB36A4}.Release|x64.Build.0 = Release|x64
		{E8AED98E-FD10-35DA-99CB-9396BFEB36A4}.MinSizeRel|x64.ActiveCfg = MinSizeRel|x64
		{E8AED98E-FD10-35DA-99CB-9396BFEB36A4}.MinSizeRel|x64.Build.0 = MinSizeRel|x64
		{E8AED98E-FD10-35DA-99CB-9396BFEB36A4}.RelWithDebInfo|x64.ActiveCfg = RelWithDebInfo|x64
		{E8AED98E-FD10-35DA-99CB-9396BFEB36A4}.RelWithDebInfo|x64.Build.0 = RelWithDebInfo|x64
		{9F91A191-5535-3024-AE92-A52F55F20B6F}.Debug|x64.ActiveCfg = Debug|x64
		{9F91A191-5535-3024-AE92-A52F55F20B6F}.Debug|x64.Build.0 = Debug|x64
		{9F91A191-5535-3024-AE92-A52F55F20B6F}.Release|x64.ActiveCfg = Release|x64
		{9F91A191-5535-3024-AE92-A52F55F20B6F}.Release|x64.Build.0 = Release|x64
		{9F91A191-5535-3024-AE92-A52F55F20B6F}.MinSizeRel|x64.ActiveCfg = MinSizeRel|x64
		{9F91A191-5535-3024-AE92-A52F55F20B6F}.MinSizeRel|x64.Build.0 = MinSizeRel|x64
		{9F91A191-5535-3024-AE92-A52F55F20B6F}.RelWithDebInfo|x64.ActiveCfg = RelWithDebInfo|x64
		{9F91A191-5535-3024-AE92-A52F55F20B6F}.RelWithDebInfo|x64.Build.0 = RelWithDebInfo|x64
		{A2282C7A-45EC-3D40-989F-E7142E2E9B13}.Debug|x64.ActiveCfg = Debug|x64
		{A2282C7A-45EC-3D40-989F-E7142E2E9B13}.Debug|x64.Build.0 = Debug|x64
		{A2282C7A-45EC-3D40-989F-E7142E2E9B13}.Release|x64.ActiveCfg = Release|x64
		{A2282C7A-45EC-3D40-989F-E7142E2E9B13}.Release|x64.Build.0 = Release|x64
		{A2282C7A-45EC-3D40-989F-E7142E2E9B13}.MinSizeRel|x64.ActiveCfg = MinSizeRel|x64
		{A2282C7A-45EC-3D40-989F-E7142E2E9B13}.MinSizeRel|x64.Build.0 = MinSizeRel|x64
		{A2282C7A-45EC-3D40-989F-E7142E2E9B13}.RelWithDebInfo|x64.ActiveCfg = RelWithDebInfo|x64
		{A2282C7A-45EC-3D40-989F-E7142E2E9B13}.RelWithDebInfo|x64.Build.0 = RelWithDebInfo|x64
		{72413A3A-CF5A-39F0-B6DF-0EAA6B4052B1}.Debug|x64.ActiveCfg = Debug|x64
		{72413A3A-CF5A-39F0-B6DF-0EAA6B4052B1}.Debug|x64.Build.0 = Debug|x64
		{72413A3A-CF5A-39F0-B6DF-0EAA6B4052B1}.Release|x64.ActiveCfg = Release|x64
		{72413A3A-CF5A-39F0-B6DF-0EAA6B4052B1}.Release|x64.Build.0 = Release|x64
		{72413A3A-CF5A-39F0-B6DF-0EAA6B4052B1}.MinSizeRel|x64.ActiveCfg = MinSizeRel|x64
		{72413A3A-CF5A-39F0-B6DF-0EAA6B4052B1}.MinSizeRel|x64.Build.0 = MinSizeRel|x64
		{72413A3A-CF5A-39F0-B6DF-0EAA6B4052B1}.RelWithDebInfo|x64.ActiveCfg = RelWithDebInfo|x64
		{72413A3A-CF5A-39F0-B6DF-0EAA6B4052B1}.RelWithDebInfo|x64.Build.0 = RelWithDebInfo|x64
		{65C3CCFA-F2A0-3967-ABC9-4C6AF029E123}.Debug|x64.ActiveCfg = Debug|x64
		{65C3CCFA-F2A0-3967-ABC9-4C6AF029E123}.Debug|x64.Build.0 = Debug|x64
		{65C3CCFA-F2A0-3967-ABC9-4C6AF029E123}.Release|x64.ActiveCfg = Release|x64
		{65C3CCFA-F2A0-3967-ABC9-4C6AF029E123}.Release|x64.Build.0 = Release|x64
		{65C3CCFA-F2A0-3967-ABC9-4C6AF029E123}.MinSizeRel|x64.ActiveCfg = MinSizeRel|x64
		{65C3CCFA-F2A0-3967-ABC9-4C6AF029E123}.MinSizeRel|x64.Build.0 = MinSizeRel|x64
		{65C3CCFA-F2A0-3967-ABC9-4C6AF029E123}.RelWithDebInfo|x64.ActiveCfg = RelWithDebInfo|x64
		{65C3CCFA-F2A0-3967-ABC9-4C6AF029E123}.RelWithDebInfo|x64.Build.0 = RelWithDebInfo|x64
		{B9679C94-E324-3E19-90B9-8C1A66A7DB1C}.Debug|x64.ActiveCfg = Debug|x64
		{B9679C94-E324-3E19-90B9-8C1A66A7DB1C}.Debug|x64.Build.0 = Debug|x64
		{B9679C94-E324-3E19-90B9-8C1A66A7DB1C}.Release|x64.ActiveCfg = Release|x64
		{B9679C94-E324-3E19-90B9-8C1A66A7DB1C}.Release|x64.Build.0 = Release|x64
		{B9679C94-E324-3E19-90B9-8C1A66A7DB1C}.MinSizeRel|x64.ActiveCfg = MinSizeRel|x64
		{B9679C94-E324-3E19-90B9-8C1A66A7DB1C}.MinSizeRel|x64.Build.0 = MinSizeRel|x64
		{B9679C94-E324-3E19-90B9-8C1A66A7DB1C}.RelWithDebInfo|x64.ActiveCfg = RelWithDebInfo|x64
		{B9679C94-E324-3E19-90B9-8C1A66A7DB1C}.RelWithDebInfo|x64.Build.0 = RelWithDebInfo|x64
		{67E8B155-946D-375C-9AAD-7DA6F3671425}.Debug|x64.ActiveCfg = Debug|x64
		{67E8B155-946D-375C-9AAD-7DA6F3671425}.Debug|x64.Build.0 = Debug|x64
		{67E8B155-946D-375C-9AAD-7DA6F3671425}.Release|x64.ActiveCfg = Release|x64
		{67E8B155-946D-375C-9AAD-7DA6F3671425}.Release|x64.Build.0 = Release|x64
		{67E8B155-946D-375C-9AAD-7DA6F3671425}.MinSizeRel|x64.ActiveCfg = MinSizeRel|x64
		{67E8B155-946D-375C-9AAD-7DA6F3671425}.MinSizeRel|x64.Build.0 = MinSizeRel|x64
		{67E8B155-946D-375C-9AAD-7DA6F3671425}.RelWithDebInfo|x64.ActiveCfg = RelWithDebInfo|x64
		{67E8B155-946D-375C-9AAD-7DA6F3671425}.RelWithDebInfo|x64.Build.0 = RelWithDebInfo|x64
		{DFD83FCD-0820-327B-AC62-209DB7B9566E}.Debug|x64.ActiveCfg = Debug|x64
		{DFD83FCD-0820-327B-AC62-209DB7B9566E}.Debug|x64.Build.0 = Debug|x64
		{DFD83FCD-0820-327B-AC62-209DB7B9566E}.Release|x64.ActiveCfg = Release|x64
		{DFD83FCD-0820-327B-AC62-209DB7B9566E}.Release|x64.Build.0 = Release|x64
		{DFD83FCD-0820-327B-AC62-209DB7B9566E}.MinSizeRel|x64.ActiveCfg = MinSizeRel|x64
		{DFD83FCD-0820-327B-AC62-209DB7B9566E}.MinSizeRel|x64.Build.0 = MinSizeRel|x64
		{DFD83FCD-0820-327B-AC62-209DB7B9566E}.RelWithDebInfo|x64.ActiveCfg = RelWithDebInfo|x64
		{DFD83FCD-0820-327B-AC62-209DB7B9566E}.RelWithDebInfo|x64.Build.0 = RelWithDebInfo|x64
		{DC58AA61-ACEA-315C-9F73-7D0D0AD9223C}.Debug|x64.ActiveCfg = Debug|x64
		{DC58AA61-ACEA-315C-9F73-7D0D0AD9223C}.Debug|x64.Build.0 = Debug|x64
		{DC58AA61-ACEA-315C-9F73-7D0D0AD9223C}.Release|x64.ActiveCfg = Release|x64
		{DC58AA61-ACEA-315C-9F73-7D0D0AD9223C}.Release|x64.Build.0 = Release|x64
		{DC58AA61-ACEA-315C-9F73-7D0D0AD9223C}.MinSizeRel|x64.ActiveCfg = MinSizeRel|x64
		{DC58AA61-ACEA-315C-9F73-7D0D0AD9223C}.MinSizeRel|x64.Build.0 = MinSizeRel|x64
		{DC58AA61-ACEA-315C-9F73-7D0D0AD9223C}.RelWithDebInfo|x64.ActiveCfg = RelWithDebInfo|x64
		{DC58AA61-ACEA-315C-9F73-7D0D0AD9223C}.RelWithDebInfo|x64.Build.0 = RelWithDebInfo|x64
		{1522B6A2-B2EE-36A4-A843-976DCC0C4B00}.Debug|x64.ActiveCfg = Debug|x64
		{1522B6A2-B2EE-36A4-A843-976DCC0C4B00}.Debug|x64.Build.0 = Debug|x64
		{1522B6A2-B2EE-36A4-A843-976DCC0C4B00}.Release|x64.ActiveCfg = Release|x64
		{1522B6A2-B2EE-36A4-A843-976DCC0C4B00}.Release|x64.Build.0 = Release|x64
		{1522B6A2-B2EE-36A4-A843-976DCC0C4B00}.MinSizeRel|x64.ActiveCfg = MinSizeRel|x64
		{1522B6A2-B2EE-36A4-A843-976DCC0C4B00}.MinSizeRel|x64.Build.0 = MinSizeRel|x64
		{1522B6A2-B2EE-36A4-A843-976DCC0C4B00}.RelWithDebInfo|x64.ActiveCfg = RelWithDebInfo|x64
		{1522B6A2-B2EE-36A4-A843-976DCC0C4B00}.RelWithDebInfo|x64.Build.0 = RelWithDebInfo|x64
		{B2134385-A2AA-3062-928D-557C4AA259D6}.Debug|x64.ActiveCfg = Debug|x64
		{B2134385-A2AA-3062-928D-557C4AA259D6}.Debug|x64.Build.0 = Debug|x64
		{B2134385-A2AA-3062-928D-557C4AA259D6}.Release|x64.ActiveCfg = Release|x64
		{B2134385-A2AA-3062-928D-557C4AA259D6}.Release|x64.Build.0 = Release|x64
		{B2134385-A2AA-3062-928D-557C4AA259D6}.MinSizeRel|x64.ActiveCfg = MinSizeRel|x64
		{B2134385-A2AA-3062-928D-557C4AA259D6}.MinSizeRel|x64.Build.0 = MinSizeRel|x64
		{B2134385-A2AA-3062-928D-557C4AA259D6}.RelWithDebInfo|x64.ActiveCfg = RelWithDebInfo|x64
		{B2134385-A2AA-3062-928D-557C4AA259D6}.RelWithDebInfo|x64.Build.0 = RelWithDebInfo|x64
		{0D2F8FC1-9667-38C6-A2BA-5BD36DC3F848}.Debug|x64.ActiveCfg = Debug|x64
		{0D2F8FC1-9667-38C6-A2BA-5BD36DC3F848}.Debug|x64.Build.0 = Debug|x64
		{0D2F8FC1-9667-38C6-A2BA-5BD36DC3F848}.Release|x64.ActiveCfg = Release|x64
		{0D2F8FC1-9667-38C6-A2BA-5BD36DC3F848}.Release|x64.Build.0 = Release|x64
		{0D2F8FC1-9667-38C6-A2BA-5BD36DC3F848}.MinSizeRel|x64.ActiveCfg = MinSizeRel|x64
		{0D2F8FC1-9667-38C6-A2BA-5BD36DC3F848}.MinSizeRel|x64.Build.0 = MinSizeRel|x64
		{0D2F8FC1-9667-38C6-A2BA-5BD36DC3F848}.RelWithDebInfo|x64.ActiveCfg = RelWithDebInfo|x64
		{0D2F8FC1-9667-38C6-A2BA-5BD36DC3F848}.RelWithDebInfo|x64.Build.0 = RelWithDebInfo|x64
		{6E48DC74-1212-3D7C-9F9B-4BBD6D5DE0A5}.Debug|x64.ActiveCfg = Debug|x64
		{6E48DC74-1212-3D7C-9F9B-4BBD6D5DE0A5}.Debug|x64.Build.0 = Debug|x64
		{6E48DC74-1212-3D7C-9F9B-4BBD6D5DE0A5}.Release|x64.ActiveCfg = Release|x64
		{6E48DC74-1212-3D7C-9F9B-4BBD6D5DE0A5}.Release|x64.Build.0 = Release|x64
		{6E48DC74-1212-3D7C-9F9B-4BBD6D5DE0A5}.MinSizeRel|x64.ActiveCfg = MinSizeRel|x64
		{6E48DC74-1212-3D7C-9F9B-4BBD6D5DE0A5}.MinSizeRel|x64.Build.0 = MinSizeRel|x64
		{6E48DC74-1212-3D7C-9F9B-4BBD6D5DE0A5}.RelWithDebInfo|x64.ActiveCfg = RelWithDebInfo|x64
		{6E48DC74-1212-3D7C-9F9B-4BBD6D5DE0A5}.RelWithDebInfo|x64.Build.0 = RelWithDebInfo|x64
		{2174FEF3-C312-381E-B073-1C51A8836495}.Debug|x64.ActiveCfg = Debug|x64
		{2174FEF3-C312-381E-B073-1C51A8836495}.Debug|x64.Build.0 = Debug|x64
		{2174FEF3-C312-381E-B073-1C51A8836495}.Release|x64.ActiveCfg = Release|x64
		{2174FEF3-C312-381E-B073-1C51A8836495}.Release|x64.Build.0 = Release|x64
		{2174FEF3-C312-381E-B073-1C51A8836495}.MinSizeRel|x64.ActiveCfg = MinSizeRel|x64
		{2174FEF3-C312-381E-B073-1C51A8836495}.MinSizeRel|x64.Build.0 = MinSizeRel|x64
		{2174FEF3-C312-381E-B073-1C51A8836495}.RelWithDebInfo|x64.ActiveCfg = RelWithDebInfo|x64
		{2174FEF3-C312-381E-B073-1C51A8836495}.RelWithDebInfo|x64.Build.0 = RelWithDebInfo|x64
		{C115110C-385D-341E-8C97-58C59F6C8E3B}.Debug|x64.ActiveCfg = Debug|x64
		{C115110C-385D-341E-8C97-58C59F6C8E3B}.Debug|x64.Build.0 = Debug|x64
		{C115110C-385D-341E-8C97-58C59F6C8E3B}.Release|x64.ActiveCfg = Release|x64
		{C115110C-385D-341E-8C97-58C59F6C8E3B}.Release|x64.Build.0 = Release|x64
		{C115110C-385D-341E-8C97-58C59F6C8E3B}.MinSizeRel|x64.ActiveCfg = MinSizeRel|x64
		{C115110C-385D-341E-8C97-58C59F6C8E3B}.MinSizeRel|x64.Build.0 = MinSizeRel|x64
		{C115110C-385D-341E-8C97-58C59F6C8E3B}.RelWithDebInfo|x64.ActiveCfg = RelWithDebInfo|x64
		{C115110C-385D-341E-8C97-58C59F6C8E3B}.RelWithDebInfo|x64.Build.0 = RelWithDebInfo|x64
		{7B92B24B-3FDC-3979-AC7C-911983ECFD12}.Debug|x64.ActiveCfg = Debug|x64
		{7B92B24B-3FDC-3979-AC7C-911983ECFD12}.Debug|x64.Build.0 = Debug|x64
		{7B92B24B-3FDC-3979-AC7C-911983ECFD12}.Release|x64.ActiveCfg = Release|x64
		{7B92B24B-3FDC-3979-AC7C-911983ECFD12}.Release|x64.Build.0 = Release|x64
		{7B92B24B-3FDC-3979-AC7C-911983ECFD12}.MinSizeRel|x64.ActiveCfg = MinSizeRel|x64
		{7B92B24B-3FDC-3979-AC7C-911983ECFD12}.MinSizeRel|x64.Build.0 = MinSizeRel|x64
		{7B92B24B-3FDC-3979-AC7C-911983ECFD12}.RelWithDebInfo|x64.ActiveCfg = RelWithDebInfo|x64
		{7B92B24B-3FDC-3979-AC7C-911983ECFD12}.RelWithDebInfo|x64.Build.0 = RelWithDebInfo|x64
		{3796F227-CA8F-39F0-8D50-BFB8582B4B48}.Debug|x64.ActiveCfg = Debug|x64
		{3796F227-CA8F-39F0-8D50-BFB8582B4B48}.Debug|x64.Build.0 = Debug|x64
		{3796F227-CA8F-39F0-8D50-BFB8582B4B48}.Release|x64.ActiveCfg = Release|x64
		{3796F227-CA8F-39F0-8D50-BFB8582B4B48}.Release|x64.Build.0 = Release|x64
		{3796F227-CA8F-39F0-8D50-BFB8582B4B48}.MinSizeRel|x64.ActiveCfg = MinSizeRel|x64
		{3796F227-CA8F-39F0-8D50-BFB8582B4B48}.MinSizeRel|x64.Build.0 = MinSizeRel|x64
		{3796F227-CA8F-39F0-8D50-BFB8582B4B48}.RelWithDebInfo|x64.ActiveCfg = RelWithDebInfo|x64
		{3796F227-CA8F-39F0-8D50-BFB8582B4B48}.RelWithDebInfo|x64.Build.0 = RelWithDebInfo|x64
		{E5B6651F-2F46-3C88-A6F0-957AAE24EBCA}.Debug|x64.ActiveCfg = Debug|x64
		{E5B6651F-2F46-3C88-A6F0-957AAE24EBCA}.Debug|x64.Build.0 = Debug|x64
		{E5B6651F-2F46-3C88-A6F0-957AAE24EBCA}.Release|x64.ActiveCfg = Release|x64
		{E5B6651F-2F46-3C88-A6F0-957AAE24EBCA}.Release|x64.Build.0 = Release|x64
		{E5B6651F-2F46-3C88-A6F0-957AAE24EBCA}.MinSizeRel|x64.ActiveCfg = MinSizeRel|x64
		{E5B6651F-2F46-3C88-A6F0-957AAE24EBCA}.MinSizeRel|x64.Build.0 = MinSizeRel|x64
		{E5B6651F-2F46-3C88-A6F0-957AAE24EBCA}.RelWithDebInfo|x64.ActiveCfg = RelWithDebInfo|x64
		{E5B6651F-2F46-3C88-A6F0-957AAE24EBCA}.RelWithDebInfo|x64.Build.0 = RelWithDebInfo|x64
		{A6B6021F-1F4F-375E-BDB6-3D4325AB9E8B}.Debug|x64.ActiveCfg = Debug|x64
		{A6B6021F-1F4F-375E-BDB6-3D4325AB9E8B}.Debug|x64.Build.0 = Debug|x64
		{A6B6021F-1F4F-375E-BDB6-3D4325AB9E8B}.Release|x64.ActiveCfg = Release|x64
		{A6B6021F-1F4F-375E-BDB6-3D4325AB9E8B}.Release|x64.Build.0 = Release|x64
		{A6B6021F-1F4F-375E-BDB6-3D4325AB9E8B}.MinSizeRel|x64.ActiveCfg = MinSizeRel|x64
		{A6B6021F-1F4F-375E-BDB6-3D4325AB9E8B}.MinSizeRel|x64.Build.0 = MinSizeRel|x64
		{A6B6021F-1F4F-375E-BDB6-3D4325AB9E8B}.RelWithDebInfo|x64.ActiveCfg = RelWithDebInfo|x64
		{A6B6021F-1F4F-375E-BDB6-3D4325AB9E8B}.RelWithDebInfo|x64.Build.0 = RelWithDebInfo|x64
		{AABB6B42-13DD-3D89-A484-6E994147B393}.Debug|x64.ActiveCfg = Debug|x64
		{AABB6B42-13DD-3D89-A484-6E994147B393}.Debug|x64.Build.0 = Debug|x64
		{AABB6B42-13DD-3D89-A484-6E994147B393}.Release|x64.ActiveCfg = Release|x64
		{AABB6B42-13DD-3D89-A484-6E994147B393}.Release|x64.Build.0 = Release|x64
		{AABB6B42-13DD-3D89-A484-6E994147B393}.MinSizeRel|x64.ActiveCfg = MinSizeRel|x64
		{AABB6B42-13DD-3D89-A484-6E994147B393}.MinSizeRel|x64.Build.0 = MinSizeRel|x64
		{AABB6B42-13DD-3D89-A484-6E994147B393}.RelWithDebInfo|x64.ActiveCfg = RelWithDebInfo|x64
		{AABB6B42-13DD-3D89-A484-6E994147B393}.RelWithDebInfo|x64.Build.0 = RelWithDebInfo|x64
		{B6D4119D-FFCD-3BED-A71B-E8127FCC365D}.Debug|x64.ActiveCfg = Debug|x64
		{B6D4119D-FFCD-3BED-A71B-E8127FCC365D}.Release|x64.ActiveCfg = Release|x64
		{B6D4119D-FFCD-3BED-A71B-E8127FCC365D}.MinSizeRel|x64.ActiveCfg = MinSizeRel|x64
		{B6D4119D-FFCD-3BED-A71B-E8127FCC365D}.RelWithDebInfo|x64.ActiveCfg = RelWithDebInfo|x64
		{EA42F8D7-1906-3071-9D1E-3DB927EB3F97}.Debug|x64.ActiveCfg = Debug|x64
		{EA42F8D7-1906-3071-9D1E-3DB927EB3F97}.Debug|x64.Build.0 = Debug|x64
		{EA42F8D7-1906-3071-9D1E-3DB927EB3F97}.Release|x64.ActiveCfg = Release|x64
		{EA42F8D7-1906-3071-9D1E-3DB927EB3F97}.Release|x64.Build.0 = Release|x64
		{EA42F8D7-1906-3071-9D1E-3DB927EB3F97}.MinSizeRel|x64.ActiveCfg = MinSizeRel|x64
		{EA42F8D7-1906-3071-9D1E-3DB927EB3F97}.MinSizeRel|x64.Build.0 = MinSizeRel|x64
		{EA42F8D7-1906-3071-9D1E-3DB927EB3F97}.RelWithDebInfo|x64.ActiveCfg = RelWithDebInfo|x64
		{EA42F8D7-1906-3071-9D1E-3DB927EB3F97}.RelWithDebInfo|x64.Build.0 = RelWithDebInfo|x64
		{1DFE7680-05F6-36EC-8B90-F0538052DAB6}.Debug|x64.ActiveCfg = Debug|x64
		{1DFE7680-05F6-36EC-8B90-F0538052DAB6}.Debug|x64.Build.0 = Debug|x64
		{1DFE7680-05F6-36EC-8B90-F0538052DAB6}.Release|x64.ActiveCfg = Release|x64
		{1DFE7680-05F6-36EC-8B90-F0538052DAB6}.Release|x64.Build.0 = Release|x64
		{1DFE7680-05F6-36EC-8B90-F0538052DAB6}.MinSizeRel|x64.ActiveCfg = MinSizeRel|x64
		{1DFE7680-05F6-36EC-8B90-F0538052DAB6}.MinSizeRel|x64.Build.0 = MinSizeRel|x64
		{1DFE7680-05F6-36EC-8B90-F0538052DAB6}.RelWithDebInfo|x64.ActiveCfg = RelWithDebInfo|x64
		{1DFE7680-05F6-36EC-8B90-F0538052DAB6}.RelWithDebInfo|x64.Build.0 = RelWithDebInfo|x64
		{80553FAD-CC16-323E-9DEE-31C1F75E595C}.Debug|x64.ActiveCfg = Debug|x64
		{80553FAD-CC16-323E-9DEE-31C1F75E595C}.Debug|x64.Build.0 = Debug|x64
		{80553FAD-CC16-323E-9DEE-31C1F75E595C}.Release|x64.ActiveCfg = Release|x64
		{80553FAD-CC16-323E-9DEE-31C1F75E595C}.Release|x64.Build.0 = Release|x64
		{80553FAD-CC16-323E-9DEE-31C1F75E595C}.MinSizeRel|x64.ActiveCfg = MinSizeRel|x64
		{80553FAD-CC16-323E-9DEE-31C1F75E595C}.MinSizeRel|x64.Build.0 = MinSizeRel|x64
		{80553FAD-CC16-323E-9DEE-31C1F75E595C}.RelWithDebInfo|x64.ActiveCfg = RelWithDebInfo|x64
		{80553FAD-CC16-323E-9DEE-31C1F75E595C}.RelWithDebInfo|x64.Build.0 = RelWithDebInfo|x64
		{CF51B037-CE89-31D2-86B6-9581ADAF4413}.Debug|x64.ActiveCfg = Debug|x64
		{CF51B037-CE89-31D2-86B6-9581ADAF4413}.Debug|x64.Build.0 = Debug|x64
		{CF51B037-CE89-31D2-86B6-9581ADAF4413}.Release|x64.ActiveCfg = Release|x64
		{CF51B037-CE89-31D2-86B6-9581ADAF4413}.Release|x64.Build.0 = Release|x64
		{CF51B037-CE89-31D2-86B6-9581ADAF4413}.MinSizeRel|x64.ActiveCfg = MinSizeRel|x64
		{CF51B037-CE89-31D2-86B6-9581ADAF4413}.MinSizeRel|x64.Build.0 = MinSizeRel|x64
		{CF51B037-CE89-31D2-86B6-9581ADAF4413}.RelWithDebInfo|x64.ActiveCfg = RelWithDebInfo|x64
		{CF51B037-CE89-31D2-86B6-9581ADAF4413}.RelWithDebInfo|x64.Build.0 = RelWithDebInfo|x64
		{8652A697-9028-3867-B7CA-5D1E60E6288F}.Debug|x64.ActiveCfg = Debug|x64
		{8652A697-9028-3867-B7CA-5D1E60E6288F}.Debug|x64.Build.0 = Debug|x64
		{8652A697-9028-3867-B7CA-5D1E60E6288F}.Release|x64.ActiveCfg = Release|x64
		{8652A697-9028-3867-B7CA-5D1E60E6288F}.Release|x64.Build.0 = Release|x64
		{8652A697-9028-3867-B7CA-5D1E60E6288F}.MinSizeRel|x64.ActiveCfg = MinSizeRel|x64
		{8652A697-9028-3867-B7CA-5D1E60E6288F}.MinSizeRel|x64.Build.0 = MinSizeRel|x64
		{8652A697-9028-3867-B7CA-5D1E60E6288F}.RelWithDebInfo|x64.ActiveCfg = RelWithDebInfo|x64
		{8652A697-9028-3867-B7CA-5D1E60E6288F}.RelWithDebInfo|x64.Build.0 = RelWithDebInfo|x64
		{FA285888-D419-330D-9A3A-487C2C023308}.Debug|x64.ActiveCfg = Debug|x64
		{FA285888-D419-330D-9A3A-487C2C023308}.Debug|x64.Build.0 = Debug|x64
		{FA285888-D419-330D-9A3A-487C2C023308}.Release|x64.ActiveCfg = Release|x64
		{FA285888-D419-330D-9A3A-487C2C023308}.Release|x64.Build.0 = Release|x64
		{FA285888-D419-330D-9A3A-487C2C023308}.MinSizeRel|x64.ActiveCfg = MinSizeRel|x64
		{FA285888-D419-330D-9A3A-487C2C023308}.MinSizeRel|x64.Build.0 = MinSizeRel|x64
		{FA285888-D419-330D-9A3A-487C2C023308}.RelWithDebInfo|x64.ActiveCfg = RelWithDebInfo|x64
		{FA285888-D419-330D-9A3A-487C2C023308}.RelWithDebInfo|x64.Build.0 = RelWithDebInfo|x64
		{274586CA-ABA5-3746-B309-11DA0C1514CE}.Debug|x64.ActiveCfg = Debug|x64
		{274586CA-ABA5-3746-B309-11DA0C1514CE}.Debug|x64.Build.0 = Debug|x64
		{274586CA-ABA5-3746-B309-11DA0C1514CE}.Release|x64.ActiveCfg = Release|x64
		{274586CA-ABA5-3746-B309-11DA0C1514CE}.Release|x64.Build.0 = Release|x64
		{274586CA-ABA5-3746-B309-11DA0C1514CE}.MinSizeRel|x64.ActiveCfg = MinSizeRel|x64
		{274586CA-ABA5-3746-B309-11DA0C1514CE}.MinSizeRel|x64.Build.0 = MinSizeRel|x64
		{274586CA-ABA5-3746-B309-11DA0C1514CE}.RelWithDebInfo|x64.ActiveCfg = RelWithDebInfo|x64
		{274586CA-ABA5-3746-B309-11DA0C1514CE}.RelWithDebInfo|x64.Build.0 = RelWithDebInfo|x64
		{F378B7FD-BC41-3EDB-9297-D89459A831EA}.Debug|x64.ActiveCfg = Debug|x64
		{F378B7FD-BC41-3EDB-9297-D89459A831EA}.Debug|x64.Build.0 = Debug|x64
		{F378B7FD-BC41-3EDB-9297-D89459A831EA}.Release|x64.ActiveCfg = Release|x64
		{F378B7FD-BC41-3EDB-9297-D89459A831EA}.Release|x64.Build.0 = Release|x64
		{F378B7FD-BC41-3EDB-9297-D89459A831EA}.MinSizeRel|x64.ActiveCfg = MinSizeRel|x64
		{F378B7FD-BC41-3EDB-9297-D89459A831EA}.MinSizeRel|x64.Build.0 = MinSizeRel|x64
		{F378B7FD-BC41-3EDB-9297-D89459A831EA}.RelWithDebInfo|x64.ActiveCfg = RelWithDebInfo|x64
		{F378B7FD-BC41-3EDB-9297-D89459A831EA}.RelWithDebInfo|x64.Build.0 = RelWithDebInfo|x64
		{52FB60CE-62CA-3877-8350-EC83FB661D02}.Debug|x64.ActiveCfg = Debug|x64
		{52FB60CE-62CA-3877-8350-EC83FB661D02}.Debug|x64.Build.0 = Debug|x64
		{52FB60CE-62CA-3877-8350-EC83FB661D02}.Release|x64.ActiveCfg = Release|x64
		{52FB60CE-62CA-3877-8350-EC83FB661D02}.Release|x64.Build.0 = Release|x64
		{52FB60CE-62CA-3877-8350-EC83FB661D02}.MinSizeRel|x64.ActiveCfg = MinSizeRel|x64
		{52FB60CE-62CA-3877-8350-EC83FB661D02}.MinSizeRel|x64.Build.0 = MinSizeRel|x64
		{52FB60CE-62CA-3877-8350-EC83FB661D02}.RelWithDebInfo|x64.ActiveCfg = RelWithDebInfo|x64
		{52FB60CE-62CA-3877-8350-EC83FB661D02}.RelWithDebInfo|x64.Build.0 = RelWithDebInfo|x64
		{756BF828-1B80-31FD-A1FE-3B9229FED998}.Debug|x64.ActiveCfg = Debug|x64
		{756BF828-1B80-31FD-A1FE-3B9229FED998}.Debug|x64.Build.0 = Debug|x64
		{756BF828-1B80-31FD-A1FE-3B9229FED998}.Release|x64.ActiveCfg = Release|x64
		{756BF828-1B80-31FD-A1FE-3B9229FED998}.Release|x64.Build.0 = Release|x64
		{756BF828-1B80-31FD-A1FE-3B9229FED998}.MinSizeRel|x64.ActiveCfg = MinSizeRel|x64
		{756BF828-1B80-31FD-A1FE-3B9229FED998}.MinSizeRel|x64.Build.0 = MinSizeRel|x64
		{756BF828-1B80-31FD-A1FE-3B9229FED998}.RelWithDebInfo|x64.ActiveCfg = RelWithDebInfo|x64
		{756BF828-1B80-31FD-A1FE-3B9229FED998}.RelWithDebInfo|x64.Build.0 = RelWithDebInfo|x64
		{F5D867D1-B747-36D8-9138-DCA290D6E2DB}.Debug|x64.ActiveCfg = Debug|x64
		{F5D867D1-B747-36D8-9138-DCA290D6E2DB}.Debug|x64.Build.0 = Debug|x64
		{F5D867D1-B747-36D8-9138-DCA290D6E2DB}.Release|x64.ActiveCfg = Release|x64
		{F5D867D1-B747-36D8-9138-DCA290D6E2DB}.Release|x64.Build.0 = Release|x64
		{F5D867D1-B747-36D8-9138-DCA290D6E2DB}.MinSizeRel|x64.ActiveCfg = MinSizeRel|x64
		{F5D867D1-B747-36D8-9138-DCA290D6E2DB}.MinSizeRel|x64.Build.0 = MinSizeRel|x64
		{F5D867D1-B747-36D8-9138-DCA290D6E2DB}.RelWithDebInfo|x64.ActiveCfg = RelWithDebInfo|x64
		{F5D867D1-B747-36D8-9138-DCA290D6E2DB}.RelWithDebInfo|x64.Build.0 = RelWithDebInfo|x64
		{1399D2D2-E026-370C-8BFA-85A48948D1A3}.Debug|x64.ActiveCfg = Debug|x64
		{1399D2D2-E026-370C-8BFA-85A48948D1A3}.Debug|x64.Build.0 = Debug|x64
		{1399D2D2-E026-370C-8BFA-85A48948D1A3}.Release|x64.ActiveCfg = Release|x64
		{1399D2D2-E026-370C-8BFA-85A48948D1A3}.Release|x64.Build.0 = Release|x64
		{1399D2D2-E026-370C-8BFA-85A48948D1A3}.MinSizeRel|x64.ActiveCfg = MinSizeRel|x64
		{1399D2D2-E026-370C-8BFA-85A48948D1A3}.MinSizeRel|x64.Build.0 = MinSizeRel|x64
		{1399D2D2-E026-370C-8BFA-85A48948D1A3}.RelWithDebInfo|x64.ActiveCfg = RelWithDebInfo|x64
		{1399D2D2-E026-370C-8BFA-85A48948D1A3}.RelWithDebInfo|x64.Build.0 = RelWithDebInfo|x64
		{6FF73110-5898-328C-A469-C66125806C5E}.Debug|x64.ActiveCfg = Debug|x64
		{6FF73110-5898-328C-A469-C66125806C5E}.Debug|x64.Build.0 = Debug|x64
		{6FF73110-5898-328C-A469-C66125806C5E}.Release|x64.ActiveCfg = Release|x64
		{6FF73110-5898-328C-A469-C66125806C5E}.Release|x64.Build.0 = Release|x64
		{6FF73110-5898-328C-A469-C66125806C5E}.MinSizeRel|x64.ActiveCfg = MinSizeRel|x64
		{6FF73110-5898-328C-A469-C66125806C5E}.MinSizeRel|x64.Build.0 = MinSizeRel|x64
		{6FF73110-5898-328C-A469-C66125806C5E}.RelWithDebInfo|x64.ActiveCfg = RelWithDebInfo|x64
		{6FF73110-5898-328C-A469-C66125806C5E}.RelWithDebInfo|x64.Build.0 = RelWithDebInfo|x64
		{0D0DFBA1-858C-36EB-A5F6-737B1E85C453}.Debug|x64.ActiveCfg = Debug|x64
		{0D0DFBA1-858C-36EB-A5F6-737B1E85C453}.Debug|x64.Build.0 = Debug|x64
		{0D0DFBA1-858C-36EB-A5F6-737B1E85C453}.Release|x64.ActiveCfg = Release|x64
		{0D0DFBA1-858C-36EB-A5F6-737B1E85C453}.Release|x64.Build.0 = Release|x64
		{0D0DFBA1-858C-36EB-A5F6-737B1E85C453}.MinSizeRel|x64.ActiveCfg = MinSizeRel|x64
		{0D0DFBA1-858C-36EB-A5F6-737B1E85C453}.MinSizeRel|x64.Build.0 = MinSizeRel|x64
		{0D0DFBA1-858C-36EB-A5F6-737B1E85C453}.RelWithDebInfo|x64.ActiveCfg = RelWithDebInfo|x64
		{0D0DFBA1-858C-36EB-A5F6-737B1E85C453}.RelWithDebInfo|x64.Build.0 = RelWithDebInfo|x64
		{FD81B037-5F06-337B-A21C-2E1D9BCF25D1}.Debug|x64.ActiveCfg = Debug|x64
		{FD81B037-5F06-337B-A21C-2E1D9BCF25D1}.Debug|x64.Build.0 = Debug|x64
		{FD81B037-5F06-337B-A21C-2E1D9BCF25D1}.Release|x64.ActiveCfg = Release|x64
		{FD81B037-5F06-337B-A21C-2E1D9BCF25D1}.Release|x64.Build.0 = Release|x64
		{FD81B037-5F06-337B-A21C-2E1D9BCF25D1}.MinSizeRel|x64.ActiveCfg = MinSizeRel|x64
		{FD81B037-5F06-337B-A21C-2E1D9BCF25D1}.MinSizeRel|x64.Build.0 = MinSizeRel|x64
		{FD81B037-5F06-337B-A21C-2E1D9BCF25D1}.RelWithDebInfo|x64.ActiveCfg = RelWithDebInfo|x64
		{FD81B037-5F06-337B-A21C-2E1D9BCF25D1}.RelWithDebInfo|x64.Build.0 = RelWithDebInfo|x64
		{7B67A51A-15A1-3459-8ED5-48536A5B53BD}.Debug|x64.ActiveCfg = Debug|x64
		{7B67A51A-15A1-3459-8ED5-48536A5B53BD}.Debug|x64.Build.0 = Debug|x64
		{7B67A51A-15A1-3459-8ED5-48536A5B53BD}.Release|x64.ActiveCfg = Release|x64
		{7B67A51A-15A1-3459-8ED5-48536A5B53BD}.Release|x64.Build.0 = Release|x64
		{7B67A51A-15A1-3459-8ED5-48536A5B53BD}.MinSizeRel|x64.ActiveCfg = MinSizeRel|x64
		{7B67A51A-15A1-3459-8ED5-48536A5B53BD}.MinSizeRel|x64.Build.0 = MinSizeRel|x64
		{7B67A51A-15A1-3459-8ED5-48536A5B53BD}.RelWithDebInfo|x64.ActiveCfg = RelWithDebInfo|x64
		{7B67A51A-15A1-3459-8ED5-48536A5B53BD}.RelWithDebInfo|x64.Build.0 = RelWithDebInfo|x64
		{F1C415EB-EEE1-37B0-B0C0-BC0B0C2E1DDB}.Debug|x64.ActiveCfg = Debug|x64
		{F1C415EB-EEE1-37B0-B0C0-BC0B0C2E1DDB}.Debug|x64.Build.0 = Debug|x64
		{F1C415EB-EEE1-37B0-B0C0-BC0B0C2E1DDB}.Release|x64.ActiveCfg = Release|x64
		{F1C415EB-EEE1-37B0-B0C0-BC0B0C2E1DDB}.Release|x64.Build.0 = Release|x64
		{F1C415EB-EEE1-37B0-B0C0-BC0B0C2E1DDB}.MinSizeRel|x64.ActiveCfg = MinSizeRel|x64
		{F1C415EB-EEE1-37B0-B0C0-BC0B0C2E1DDB}.MinSizeRel|x64.Build.0 = MinSizeRel|x64
		{F1C415EB-EEE1-37B0-B0C0-BC0B0C2E1DDB}.RelWithDebInfo|x64.ActiveCfg = RelWithDebInfo|x64
		{F1C415EB-EEE1-37B0-B0C0-BC0B0C2E1DDB}.RelWithDebInfo|x64.Build.0 = RelWithDebInfo|x64
		{E7649006-40D7-3E39-BCCB-2AEC29863B66}.Debug|x64.ActiveCfg = Debug|x64
		{E7649006-40D7-3E39-BCCB-2AEC29863B66}.Debug|x64.Build.0 = Debug|x64
		{E7649006-40D7-3E39-BCCB-2AEC29863B66}.Release|x64.ActiveCfg = Release|x64
		{E7649006-40D7-3E39-BCCB-2AEC29863B66}.Release|x64.Build.0 = Release|x64
		{E7649006-40D7-3E39-BCCB-2AEC29863B66}.MinSizeRel|x64.ActiveCfg = MinSizeRel|x64
		{E7649006-40D7-3E39-BCCB-2AEC29863B66}.MinSizeRel|x64.Build.0 = MinSizeRel|x64
		{E7649006-40D7-3E39-BCCB-2AEC29863B66}.RelWithDebInfo|x64.ActiveCfg = RelWithDebInfo|x64
		{E7649006-40D7-3E39-BCCB-2AEC29863B66}.RelWithDebInfo|x64.Build.0 = RelWithDebInfo|x64
		{4FF0C732-6065-3CEF-BF83-EA0B169DD98E}.Debug|x64.ActiveCfg = Debug|x64
		{4FF0C732-6065-3CEF-BF83-EA0B169DD98E}.Debug|x64.Build.0 = Debug|x64
		{4FF0C732-6065-3CEF-BF83-EA0B169DD98E}.Release|x64.ActiveCfg = Release|x64
		{4FF0C732-6065-3CEF-BF83-EA0B169DD98E}.Release|x64.Build.0 = Release|x64
		{4FF0C732-6065-3CEF-BF83-EA0B169DD98E}.MinSizeRel|x64.ActiveCfg = MinSizeRel|x64
		{4FF0C732-6065-3CEF-BF83-EA0B169DD98E}.MinSizeRel|x64.Build.0 = MinSizeRel|x64
		{4FF0C732-6065-3CEF-BF83-EA0B169DD98E}.RelWithDebInfo|x64.ActiveCfg = RelWithDebInfo|x64
		{4FF0C732-6065-3CEF-BF83-EA0B169DD98E}.RelWithDebInfo|x64.Build.0 = RelWithDebInfo|x64
		{BFF69D60-2FA3-3910-AD7F-97C782852609}.Debug|x64.ActiveCfg = Debug|x64
		{BFF69D60-2FA3-3910-AD7F-97C782852609}.Debug|x64.Build.0 = Debug|x64
		{BFF69D60-2FA3-3910-AD7F-97C782852609}.Release|x64.ActiveCfg = Release|x64
		{BFF69D60-2FA3-3910-AD7F-97C782852609}.Release|x64.Build.0 = Release|x64
		{BFF69D60-2FA3-3910-AD7F-97C782852609}.MinSizeRel|x64.ActiveCfg = MinSizeRel|x64
		{BFF69D60-2FA3-3910-AD7F-97C782852609}.MinSizeRel|x64.Build.0 = MinSizeRel|x64
		{BFF69D60-2FA3-3910-AD7F-97C782852609}.RelWithDebInfo|x64.ActiveCfg = RelWithDebInfo|x64
		{BFF69D60-2FA3-3910-AD7F-97C782852609}.RelWithDebInfo|x64.Build.0 = RelWithDebInfo|x64
		{7476E3C0-A0E4-326C-81AF-CC40C9014E10}.Debug|x64.ActiveCfg = Debug|x64
		{7476E3C0-A0E4-326C-81AF-CC40C9014E10}.Debug|x64.Build.0 = Debug|x64
		{7476E3C0-A0E4-326C-81AF-CC40C9014E10}.Release|x64.ActiveCfg = Release|x64
		{7476E3C0-A0E4-326C-81AF-CC40C9014E10}.Release|x64.Build.0 = Release|x64
		{7476E3C0-A0E4-326C-81AF-CC40C9014E10}.MinSizeRel|x64.ActiveCfg = MinSizeRel|x64
		{7476E3C0-A0E4-326C-81AF-CC40C9014E10}.MinSizeRel|x64.Build.0 = MinSizeRel|x64
		{7476E3C0-A0E4-326C-81AF-CC40C9014E10}.RelWithDebInfo|x64.ActiveCfg = RelWithDebInfo|x64
		{7476E3C0-A0E4-326C-81AF-CC40C9014E10}.RelWithDebInfo|x64.Build.0 = RelWithDebInfo|x64
		{FBF1EFCA-2BF7-36C8-ACB0-1C79BC9E7634}.Debug|x64.ActiveCfg = Debug|x64
		{FBF1EFCA-2BF7-36C8-ACB0-1C79BC9E7634}.Debug|x64.Build.0 = Debug|x64
		{FBF1EFCA-2BF7-36C8-ACB0-1C79BC9E7634}.Release|x64.ActiveCfg = Release|x64
		{FBF1EFCA-2BF7-36C8-ACB0-1C79BC9E7634}.Release|x64.Build.0 = Release|x64
		{FBF1EFCA-2BF7-36C8-ACB0-1C79BC9E7634}.MinSizeRel|x64.ActiveCfg = MinSizeRel|x64
		{FBF1EFCA-2BF7-36C8-ACB0-1C79BC9E7634}.MinSizeRel|x64.Build.0 = MinSizeRel|x64
		{FBF1EFCA-2BF7-36C8-ACB0-1C79BC9E7634}.RelWithDebInfo|x64.ActiveCfg = RelWithDebInfo|x64
		{FBF1EFCA-2BF7-36C8-ACB0-1C79BC9E7634}.RelWithDebInfo|x64.Build.0 = RelWithDebInfo|x64
		{94427D48-DC91-38E6-BB08-C2E282AE2FBF}.Debug|x64.ActiveCfg = Debug|x64
		{94427D48-DC91-38E6-BB08-C2E282AE2FBF}.Debug|x64.Build.0 = Debug|x64
		{94427D48-DC91-38E6-BB08-C2E282AE2FBF}.Release|x64.ActiveCfg = Release|x64
		{94427D48-DC91-38E6-BB08-C2E282AE2FBF}.Release|x64.Build.0 = Release|x64
		{94427D48-DC91-38E6-BB08-C2E282AE2FBF}.MinSizeRel|x64.ActiveCfg = MinSizeRel|x64
		{94427D48-DC91-38E6-BB08-C2E282AE2FBF}.MinSizeRel|x64.Build.0 = MinSizeRel|x64
		{94427D48-DC91-38E6-BB08-C2E282AE2FBF}.RelWithDebInfo|x64.ActiveCfg = RelWithDebInfo|x64
		{94427D48-DC91-38E6-BB08-C2E282AE2FBF}.RelWithDebInfo|x64.Build.0 = RelWithDebInfo|x64
		{A19F0B3C-081F-30D1-8785-5B4166A57FBC}.Debug|x64.ActiveCfg = Debug|x64
		{A19F0B3C-081F-30D1-8785-5B4166A57FBC}.Debug|x64.Build.0 = Debug|x64
		{A19F0B3C-081F-30D1-8785-5B4166A57FBC}.Release|x64.ActiveCfg = Release|x64
		{A19F0B3C-081F-30D1-8785-5B4166A57FBC}.Release|x64.Build.0 = Release|x64
		{A19F0B3C-081F-30D1-8785-5B4166A57FBC}.MinSizeRel|x64.ActiveCfg = MinSizeRel|x64
		{A19F0B3C-081F-30D1-8785-5B4166A57FBC}.MinSizeRel|x64.Build.0 = MinSizeRel|x64
		{A19F0B3C-081F-30D1-8785-5B4166A57FBC}.RelWithDebInfo|x64.ActiveCfg = RelWithDebInfo|x64
		{A19F0B3C-081F-30D1-8785-5B4166A57FBC}.RelWithDebInfo|x64.Build.0 = RelWithDebInfo|x64
		{84CFC90D-C344-32AB-94C0-1B7413E28785}.Debug|x64.ActiveCfg = Debug|x64
		{84CFC90D-C344-32AB-94C0-1B7413E28785}.Debug|x64.Build.0 = Debug|x64
		{84CFC90D-C344-32AB-94C0-1B7413E28785}.Release|x64.ActiveCfg = Release|x64
		{84CFC90D-C344-32AB-94C0-1B7413E28785}.Release|x64.Build.0 = Release|x64
		{84CFC90D-C344-32AB-94C0-1B7413E28785}.MinSizeRel|x64.ActiveCfg = MinSizeRel|x64
		{84CFC90D-C344-32AB-94C0-1B7413E28785}.MinSizeRel|x64.Build.0 = MinSizeRel|x64
		{84CFC90D-C344-32AB-94C0-1B7413E28785}.RelWithDebInfo|x64.ActiveCfg = RelWithDebInfo|x64
		{84CFC90D-C344-32AB-94C0-1B7413E28785}.RelWithDebInfo|x64.Build.0 = RelWithDebInfo|x64
		{47CCD49D-4C62-318E-B50F-A564F41D1CA6}.Debug|x64.ActiveCfg = Debug|x64
		{47CCD49D-4C62-318E-B50F-A564F41D1CA6}.Debug|x64.Build.0 = Debug|x64
		{47CCD49D-4C62-318E-B50F-A564F41D1CA6}.Release|x64.ActiveCfg = Release|x64
		{47CCD49D-4C62-318E-B50F-A564F41D1CA6}.Release|x64.Build.0 = Release|x64
		{47CCD49D-4C62-318E-B50F-A564F41D1CA6}.MinSizeRel|x64.ActiveCfg = MinSizeRel|x64
		{47CCD49D-4C62-318E-B50F-A564F41D1CA6}.MinSizeRel|x64.Build.0 = MinSizeRel|x64
		{47CCD49D-4C62-318E-B50F-A564F41D1CA6}.RelWithDebInfo|x64.ActiveCfg = RelWithDebInfo|x64
		{47CCD49D-4C62-318E-B50F-A564F41D1CA6}.RelWithDebInfo|x64.Build.0 = RelWithDebInfo|x64
		{F3DB0C15-8F63-341C-9D17-6E8B5E6F40A4}.Debug|x64.ActiveCfg = Debug|x64
		{F3DB0C15-8F63-341C-9D17-6E8B5E6F40A4}.Debug|x64.Build.0 = Debug|x64
		{F3DB0C15-8F63-341C-9D17-6E8B5E6F40A4}.Release|x64.ActiveCfg = Release|x64
		{F3DB0C15-8F63-341C-9D17-6E8B5E6F40A4}.Release|x64.Build.0 = Release|x64
		{F3DB0C15-8F63-341C-9D17-6E8B5E6F40A4}.MinSizeRel|x64.ActiveCfg = MinSizeRel|x64
		{F3DB0C15-8F63-341C-9D17-6E8B5E6F40A4}.MinSizeRel|x64.Build.0 = MinSizeRel|x64
		{F3DB0C15-8F63-341C-9D17-6E8B5E6F40A4}.RelWithDebInfo|x64.ActiveCfg = RelWithDebInfo|x64
		{F3DB0C15-8F63-341C-9D17-6E8B5E6F40A4}.RelWithDebInfo|x64.Build.0 = RelWithDebInfo|x64
		{8D1250B6-F12D-36B4-995E-F74D455470C6}.Debug|x64.ActiveCfg = Debug|x64
		{8D1250B6-F12D-36B4-995E-F74D455470C6}.Debug|x64.Build.0 = Debug|x64
		{8D1250B6-F12D-36B4-995E-F74D455470C6}.Release|x64.ActiveCfg = Release|x64
		{8D1250B6-F12D-36B4-995E-F74D455470C6}.Release|x64.Build.0 = Release|x64
		{8D1250B6-F12D-36B4-995E-F74D455470C6}.MinSizeRel|x64.ActiveCfg = MinSizeRel|x64
		{8D1250B6-F12D-36B4-995E-F74D455470C6}.MinSizeRel|x64.Build.0 = MinSizeRel|x64
		{8D1250B6-F12D-36B4-995E-F74D455470C6}.RelWithDebInfo|x64.ActiveCfg = RelWithDebInfo|x64
		{8D1250B6-F12D-36B4-995E-F74D455470C6}.RelWithDebInfo|x64.Build.0 = RelWithDebInfo|x64
		{D322609F-AA45-3CC0-B5CC-E2E4E2D0FFBB}.Debug|x64.ActiveCfg = Debug|x64
		{D322609F-AA45-3CC0-B5CC-E2E4E2D0FFBB}.Debug|x64.Build.0 = Debug|x64
		{D322609F-AA45-3CC0-B5CC-E2E4E2D0FFBB}.Release|x64.ActiveCfg = Release|x64
		{D322609F-AA45-3CC0-B5CC-E2E4E2D0FFBB}.Release|x64.Build.0 = Release|x64
		{D322609F-AA45-3CC0-B5CC-E2E4E2D0FFBB}.MinSizeRel|x64.ActiveCfg = MinSizeRel|x64
		{D322609F-AA45-3CC0-B5CC-E2E4E2D0FFBB}.MinSizeRel|x64.Build.0 = MinSizeRel|x64
		{D322609F-AA45-3CC0-B5CC-E2E4E2D0FFBB}.RelWithDebInfo|x64.ActiveCfg = RelWithDebInfo|x64
		{D322609F-AA45-3CC0-B5CC-E2E4E2D0FFBB}.RelWithDebInfo|x64.Build.0 = RelWithDebInfo|x64
		{5FAE60E1-44CB-3167-9B54-2BE6246A4E5B}.Debug|x64.ActiveCfg = Debug|x64
		{5FAE60E1-44CB-3167-9B54-2BE6246A4E5B}.Debug|x64.Build.0 = Debug|x64
		{5FAE60E1-44CB-3167-9B54-2BE6246A4E5B}.Release|x64.ActiveCfg = Release|x64
		{5FAE60E1-44CB-3167-9B54-2BE6246A4E5B}.Release|x64.Build.0 = Release|x64
		{5FAE60E1-44CB-3167-9B54-2BE6246A4E5B}.MinSizeRel|x64.ActiveCfg = MinSizeRel|x64
		{5FAE60E1-44CB-3167-9B54-2BE6246A4E5B}.MinSizeRel|x64.Build.0 = MinSizeRel|x64
		{5FAE60E1-44CB-3167-9B54-2BE6246A4E5B}.RelWithDebInfo|x64.ActiveCfg = RelWithDebInfo|x64
		{5FAE60E1-44CB-3167-9B54-2BE6246A4E5B}.RelWithDebInfo|x64.Build.0 = RelWithDebInfo|x64
		{2C594D9C-B71B-32A3-9B94-75E31BECF532}.Debug|x64.ActiveCfg = Debug|x64
		{2C594D9C-B71B-32A3-9B94-75E31BECF532}.Debug|x64.Build.0 = Debug|x64
		{2C594D9C-B71B-32A3-9B94-75E31BECF532}.Release|x64.ActiveCfg = Release|x64
		{2C594D9C-B71B-32A3-9B94-75E31BECF532}.Release|x64.Build.0 = Release|x64
		{2C594D9C-B71B-32A3-9B94-75E31BECF532}.MinSizeRel|x64.ActiveCfg = MinSizeRel|x64
		{2C594D9C-B71B-32A3-9B94-75E31BECF532}.MinSizeRel|x64.Build.0 = MinSizeRel|x64
		{2C594D9C-B71B-32A3-9B94-75E31BECF532}.RelWithDebInfo|x64.ActiveCfg = RelWithDebInfo|x64
		{2C594D9C-B71B-32A3-9B94-75E31BECF532}.RelWithDebInfo|x64.Build.0 = RelWithDebInfo|x64
	EndGlobalSection
	GlobalSection(ExtensibilityGlobals) = postSolution
		SolutionGuid = {AF0E0E93-2960-39E0-A2AC-4E832A7AE09D}
	EndGlobalSection
	GlobalSection(ExtensibilityAddIns) = postSolution
	EndGlobalSection
EndGlobal
