<?xml version="1.0" encoding="utf-8"?>
<Project ToolsVersion="17.0" xmlns="http://schemas.microsoft.com/developer/msbuild/2003">
  <ItemGroup>
    <ClCompile Include="D:\work\Project_telegram_cloud\td\tdactor\td\actor\ConcurrentScheduler.cpp">
      <Filter>Source Files</Filter>
    </ClCompile>
    <ClCompile Include="D:\work\Project_telegram_cloud\td\tdactor\td\actor\impl\Scheduler.cpp">
      <Filter>Source Files</Filter>
    </ClCompile>
    <ClCompile Include="D:\work\Project_telegram_cloud\td\tdactor\td\actor\MultiPromise.cpp">
      <Filter>Source Files</Filter>
    </ClCompile>
    <ClCompile Include="D:\work\Project_telegram_cloud\td\tdactor\td\actor\MultiTimeout.cpp">
      <Filter>Source Files</Filter>
    </ClCompile>
  </ItemGroup>
  <ItemGroup>
    <ClInclude Include="D:\work\Project_telegram_cloud\td\tdactor\td\actor\actor.h">
      <Filter>Header Files</Filter>
    </ClInclude>
    <ClInclude Include="D:\work\Project_telegram_cloud\td\tdactor\td\actor\ConcurrentScheduler.h">
      <Filter>Header Files</Filter>
    </ClInclude>
    <ClInclude Include="D:\work\Project_telegram_cloud\td\tdactor\td\actor\impl\Actor-decl.h">
      <Filter>Header Files</Filter>
    </ClInclude>
    <ClInclude Include="D:\work\Project_telegram_cloud\td\tdactor\td\actor\impl\Actor.h">
      <Filter>Header Files</Filter>
    </ClInclude>
    <ClInclude Include="D:\work\Project_telegram_cloud\td\tdactor\td\actor\impl\ActorId-decl.h">
      <Filter>Header Files</Filter>
    </ClInclude>
    <ClInclude Include="D:\work\Project_telegram_cloud\td\tdactor\td\actor\impl\ActorId.h">
      <Filter>Header Files</Filter>
    </ClInclude>
    <ClInclude Include="D:\work\Project_telegram_cloud\td\tdactor\td\actor\impl\ActorInfo-decl.h">
      <Filter>Header Files</Filter>
    </ClInclude>
    <ClInclude Include="D:\work\Project_telegram_cloud\td\tdactor\td\actor\impl\ActorInfo.h">
      <Filter>Header Files</Filter>
    </ClInclude>
    <ClInclude Include="D:\work\Project_telegram_cloud\td\tdactor\td\actor\impl\EventFull-decl.h">
      <Filter>Header Files</Filter>
    </ClInclude>
    <ClInclude Include="D:\work\Project_telegram_cloud\td\tdactor\td\actor\impl\EventFull.h">
      <Filter>Header Files</Filter>
    </ClInclude>
    <ClInclude Include="D:\work\Project_telegram_cloud\td\tdactor\td\actor\impl\Event.h">
      <Filter>Header Files</Filter>
    </ClInclude>
    <ClInclude Include="D:\work\Project_telegram_cloud\td\tdactor\td\actor\impl\Scheduler-decl.h">
      <Filter>Header Files</Filter>
    </ClInclude>
    <ClInclude Include="D:\work\Project_telegram_cloud\td\tdactor\td\actor\impl\Scheduler.h">
      <Filter>Header Files</Filter>
    </ClInclude>
    <ClInclude Include="D:\work\Project_telegram_cloud\td\tdactor\td\actor\MultiPromise.h">
      <Filter>Header Files</Filter>
    </ClInclude>
    <ClInclude Include="D:\work\Project_telegram_cloud\td\tdactor\td\actor\MultiTimeout.h">
      <Filter>Header Files</Filter>
    </ClInclude>
    <ClInclude Include="D:\work\Project_telegram_cloud\td\tdactor\td\actor\PromiseFuture.h">
      <Filter>Header Files</Filter>
    </ClInclude>
    <ClInclude Include="D:\work\Project_telegram_cloud\td\tdactor\td\actor\SchedulerLocalStorage.h">
      <Filter>Header Files</Filter>
    </ClInclude>
    <ClInclude Include="D:\work\Project_telegram_cloud\td\tdactor\td\actor\SignalSlot.h">
      <Filter>Header Files</Filter>
    </ClInclude>
    <ClInclude Include="D:\work\Project_telegram_cloud\td\tdactor\td\actor\SleepActor.h">
      <Filter>Header Files</Filter>
    </ClInclude>
    <ClInclude Include="D:\work\Project_telegram_cloud\td\tdactor\td\actor\Timeout.h">
      <Filter>Header Files</Filter>
    </ClInclude>
  </ItemGroup>
  <ItemGroup>
    <CustomBuild Include="D:\work\Project_telegram_cloud\td\tdactor\CMakeLists.txt" />
  </ItemGroup>
  <ItemGroup>
    <Filter Include="Header Files">
      <UniqueIdentifier>{B54B30CB-2DFA-30B0-8A9C-64F432D28770}</UniqueIdentifier>
    </Filter>
    <Filter Include="Source Files">
      <UniqueIdentifier>{74FBF0FE-6B36-34BB-8836-44CFFE27E218}</UniqueIdentifier>
    </Filter>
  </ItemGroup>
</Project>
