<?xml version="1.0" encoding="utf-8"?>
<Project ToolsVersion="17.0" xmlns="http://schemas.microsoft.com/developer/msbuild/2003">
  <ItemGroup>
    <ClCompile Include="D:\work\Project_telegram_cloud\td\tdtl\td\tl\tl_config.cpp">
      <Filter>Source Files</Filter>
    </ClCompile>
    <ClCompile Include="D:\work\Project_telegram_cloud\td\tdtl\td\tl\tl_core.cpp">
      <Filter>Source Files</Filter>
    </ClCompile>
    <ClCompile Include="D:\work\Project_telegram_cloud\td\tdtl\td\tl\tl_file_outputer.cpp">
      <Filter>Source Files</Filter>
    </ClCompile>
    <ClCompile Include="D:\work\Project_telegram_cloud\td\tdtl\td\tl\tl_file_utils.cpp">
      <Filter>Source Files</Filter>
    </ClCompile>
    <ClCompile Include="D:\work\Project_telegram_cloud\td\tdtl\td\tl\tl_generate.cpp">
      <Filter>Source Files</Filter>
    </ClCompile>
    <ClCompile Include="D:\work\Project_telegram_cloud\td\tdtl\td\tl\tl_outputer.cpp">
      <Filter>Source Files</Filter>
    </ClCompile>
    <ClCompile Include="D:\work\Project_telegram_cloud\td\tdtl\td\tl\tl_string_outputer.cpp">
      <Filter>Source Files</Filter>
    </ClCompile>
    <ClCompile Include="D:\work\Project_telegram_cloud\td\tdtl\td\tl\tl_writer.cpp">
      <Filter>Source Files</Filter>
    </ClCompile>
  </ItemGroup>
  <ItemGroup>
    <ClInclude Include="D:\work\Project_telegram_cloud\td\tdtl\td\tl\tl_config.h">
      <Filter>Header Files</Filter>
    </ClInclude>
    <ClInclude Include="D:\work\Project_telegram_cloud\td\tdtl\td\tl\tl_core.h">
      <Filter>Header Files</Filter>
    </ClInclude>
    <ClInclude Include="D:\work\Project_telegram_cloud\td\tdtl\td\tl\tl_file_outputer.h">
      <Filter>Header Files</Filter>
    </ClInclude>
    <ClInclude Include="D:\work\Project_telegram_cloud\td\tdtl\td\tl\tl_file_utils.h">
      <Filter>Header Files</Filter>
    </ClInclude>
    <ClInclude Include="D:\work\Project_telegram_cloud\td\tdtl\td\tl\tl_generate.h">
      <Filter>Header Files</Filter>
    </ClInclude>
    <ClInclude Include="D:\work\Project_telegram_cloud\td\tdtl\td\tl\tl_outputer.h">
      <Filter>Header Files</Filter>
    </ClInclude>
    <ClInclude Include="D:\work\Project_telegram_cloud\td\tdtl\td\tl\tl_simple.h">
      <Filter>Header Files</Filter>
    </ClInclude>
    <ClInclude Include="D:\work\Project_telegram_cloud\td\tdtl\td\tl\tl_simple_parser.h">
      <Filter>Header Files</Filter>
    </ClInclude>
    <ClInclude Include="D:\work\Project_telegram_cloud\td\tdtl\td\tl\tl_string_outputer.h">
      <Filter>Header Files</Filter>
    </ClInclude>
    <ClInclude Include="D:\work\Project_telegram_cloud\td\tdtl\td\tl\tl_writer.h">
      <Filter>Header Files</Filter>
    </ClInclude>
  </ItemGroup>
  <ItemGroup>
    <CustomBuild Include="D:\work\Project_telegram_cloud\td\tdtl\CMakeLists.txt" />
  </ItemGroup>
  <ItemGroup>
    <Filter Include="Header Files">
      <UniqueIdentifier>{B54B30CB-2DFA-30B0-8A9C-64F432D28770}</UniqueIdentifier>
    </Filter>
    <Filter Include="Source Files">
      <UniqueIdentifier>{74FBF0FE-6B36-34BB-8836-44CFFE27E218}</UniqueIdentifier>
    </Filter>
  </ItemGroup>
</Project>
