<?xml version="1.0" encoding="utf-8"?>
<Project ToolsVersion="17.0" xmlns="http://schemas.microsoft.com/developer/msbuild/2003">
  <ItemGroup>
    <ClCompile Include="D:\work\Project_telegram_cloud\td\test\main.cpp">
      <Filter>Source Files</Filter>
    </ClCompile>
    <ClCompile Include="D:\work\Project_telegram_cloud\td\test\country_info.cpp">
      <Filter>Source Files</Filter>
    </ClCompile>
    <ClCompile Include="D:\work\Project_telegram_cloud\td\test\db.cpp">
      <Filter>Source Files</Filter>
    </ClCompile>
    <ClCompile Include="D:\work\Project_telegram_cloud\td\test\http.cpp">
      <Filter>Source Files</Filter>
    </ClCompile>
    <ClCompile Include="D:\work\Project_telegram_cloud\td\test\link.cpp">
      <Filter>Source Files</Filter>
    </ClCompile>
    <ClCompile Include="D:\work\Project_telegram_cloud\td\test\message_entities.cpp">
      <Filter>Source Files</Filter>
    </ClCompile>
    <ClCompile Include="D:\work\Project_telegram_cloud\td\test\mtproto.cpp">
      <Filter>Source Files</Filter>
    </ClCompile>
    <ClCompile Include="D:\work\Project_telegram_cloud\td\test\poll.cpp">
      <Filter>Source Files</Filter>
    </ClCompile>
    <ClCompile Include="D:\work\Project_telegram_cloud\td\test\query_merger.cpp">
      <Filter>Source Files</Filter>
    </ClCompile>
    <ClCompile Include="D:\work\Project_telegram_cloud\td\test\secret.cpp">
      <Filter>Source Files</Filter>
    </ClCompile>
    <ClCompile Include="D:\work\Project_telegram_cloud\td\test\secure_storage.cpp">
      <Filter>Source Files</Filter>
    </ClCompile>
    <ClCompile Include="D:\work\Project_telegram_cloud\td\test\set_with_position.cpp">
      <Filter>Source Files</Filter>
    </ClCompile>
    <ClCompile Include="D:\work\Project_telegram_cloud\td\test\string_cleaning.cpp">
      <Filter>Source Files</Filter>
    </ClCompile>
    <ClCompile Include="D:\work\Project_telegram_cloud\td\test\tdclient.cpp">
      <Filter>Source Files</Filter>
    </ClCompile>
    <ClCompile Include="D:\work\Project_telegram_cloud\td\test\tqueue.cpp">
      <Filter>Source Files</Filter>
    </ClCompile>
    <ClCompile Include="D:\work\Project_telegram_cloud\td\test\data.cpp">
      <Filter>Source Files</Filter>
    </ClCompile>
    <ClCompile Include="D:\work\Project_telegram_cloud\td\tdutils\test\bitmask.cpp">
      <Filter>Source Files</Filter>
    </ClCompile>
    <ClCompile Include="D:\work\Project_telegram_cloud\td\tdutils\test\buffer.cpp">
      <Filter>Source Files</Filter>
    </ClCompile>
    <ClCompile Include="D:\work\Project_telegram_cloud\td\tdutils\test\ChainScheduler.cpp">
      <Filter>Source Files</Filter>
    </ClCompile>
    <ClCompile Include="D:\work\Project_telegram_cloud\td\tdutils\test\ConcurrentHashMap.cpp">
      <Filter>Source Files</Filter>
    </ClCompile>
    <ClCompile Include="D:\work\Project_telegram_cloud\td\tdutils\test\crypto.cpp">
      <Filter>Source Files</Filter>
    </ClCompile>
    <ClCompile Include="D:\work\Project_telegram_cloud\td\tdutils\test\emoji.cpp">
      <Filter>Source Files</Filter>
    </ClCompile>
    <ClCompile Include="D:\work\Project_telegram_cloud\td\tdutils\test\Enumerator.cpp">
      <Filter>Source Files</Filter>
    </ClCompile>
    <ClCompile Include="D:\work\Project_telegram_cloud\td\tdutils\test\EpochBasedMemoryReclamation.cpp">
      <Filter>Source Files</Filter>
    </ClCompile>
    <ClCompile Include="D:\work\Project_telegram_cloud\td\tdutils\test\filesystem.cpp">
      <Filter>Source Files</Filter>
    </ClCompile>
    <ClCompile Include="D:\work\Project_telegram_cloud\td\tdutils\test\gzip.cpp">
      <Filter>Source Files</Filter>
    </ClCompile>
    <ClCompile Include="D:\work\Project_telegram_cloud\td\tdutils\test\HazardPointers.cpp">
      <Filter>Source Files</Filter>
    </ClCompile>
    <ClCompile Include="D:\work\Project_telegram_cloud\td\tdutils\test\HashSet.cpp">
      <Filter>Source Files</Filter>
    </ClCompile>
    <ClCompile Include="D:\work\Project_telegram_cloud\td\tdutils\test\heap.cpp">
      <Filter>Source Files</Filter>
    </ClCompile>
    <ClCompile Include="D:\work\Project_telegram_cloud\td\tdutils\test\HttpUrl.cpp">
      <Filter>Source Files</Filter>
    </ClCompile>
    <ClCompile Include="D:\work\Project_telegram_cloud\td\tdutils\test\json.cpp">
      <Filter>Source Files</Filter>
    </ClCompile>
    <ClCompile Include="D:\work\Project_telegram_cloud\td\tdutils\test\List.cpp">
      <Filter>Source Files</Filter>
    </ClCompile>
    <ClCompile Include="D:\work\Project_telegram_cloud\td\tdutils\test\log.cpp">
      <Filter>Source Files</Filter>
    </ClCompile>
    <ClCompile Include="D:\work\Project_telegram_cloud\td\tdutils\test\misc.cpp">
      <Filter>Source Files</Filter>
    </ClCompile>
    <ClCompile Include="D:\work\Project_telegram_cloud\td\tdutils\test\MpmcQueue.cpp">
      <Filter>Source Files</Filter>
    </ClCompile>
    <ClCompile Include="D:\work\Project_telegram_cloud\td\tdutils\test\MpmcWaiter.cpp">
      <Filter>Source Files</Filter>
    </ClCompile>
    <ClCompile Include="D:\work\Project_telegram_cloud\td\tdutils\test\MpscLinkQueue.cpp">
      <Filter>Source Files</Filter>
    </ClCompile>
    <ClCompile Include="D:\work\Project_telegram_cloud\td\tdutils\test\OptionParser.cpp">
      <Filter>Source Files</Filter>
    </ClCompile>
    <ClCompile Include="D:\work\Project_telegram_cloud\td\tdutils\test\OrderedEventsProcessor.cpp">
      <Filter>Source Files</Filter>
    </ClCompile>
    <ClCompile Include="D:\work\Project_telegram_cloud\td\tdutils\test\port.cpp">
      <Filter>Source Files</Filter>
    </ClCompile>
    <ClCompile Include="D:\work\Project_telegram_cloud\td\tdutils\test\pq.cpp">
      <Filter>Source Files</Filter>
    </ClCompile>
    <ClCompile Include="D:\work\Project_telegram_cloud\td\tdutils\test\SharedObjectPool.cpp">
      <Filter>Source Files</Filter>
    </ClCompile>
    <ClCompile Include="D:\work\Project_telegram_cloud\td\tdutils\test\SharedSlice.cpp">
      <Filter>Source Files</Filter>
    </ClCompile>
    <ClCompile Include="D:\work\Project_telegram_cloud\td\tdutils\test\StealingQueue.cpp">
      <Filter>Source Files</Filter>
    </ClCompile>
    <ClCompile Include="D:\work\Project_telegram_cloud\td\tdutils\test\variant.cpp">
      <Filter>Source Files</Filter>
    </ClCompile>
    <ClCompile Include="D:\work\Project_telegram_cloud\td\tdutils\test\WaitFreeHashMap.cpp">
      <Filter>Source Files</Filter>
    </ClCompile>
    <ClCompile Include="D:\work\Project_telegram_cloud\td\tdutils\test\WaitFreeHashSet.cpp">
      <Filter>Source Files</Filter>
    </ClCompile>
    <ClCompile Include="D:\work\Project_telegram_cloud\td\tdutils\test\WaitFreeVector.cpp">
      <Filter>Source Files</Filter>
    </ClCompile>
    <ClCompile Include="D:\work\Project_telegram_cloud\td\tdactor\test\actors_main.cpp">
      <Filter>Source Files</Filter>
    </ClCompile>
    <ClCompile Include="D:\work\Project_telegram_cloud\td\tdactor\test\actors_simple.cpp">
      <Filter>Source Files</Filter>
    </ClCompile>
    <ClCompile Include="D:\work\Project_telegram_cloud\td\tdactor\test\actors_workers.cpp">
      <Filter>Source Files</Filter>
    </ClCompile>
    <ClCompile Include="D:\work\Project_telegram_cloud\td\tdactor\test\actors_bugs.cpp">
      <Filter>Source Files</Filter>
    </ClCompile>
  </ItemGroup>
  <ItemGroup>
    <ClInclude Include="D:\work\Project_telegram_cloud\td\test\data.h">
      <Filter>Header Files</Filter>
    </ClInclude>
  </ItemGroup>
  <ItemGroup>
    <CustomBuild Include="D:\work\Project_telegram_cloud\td\test\CMakeLists.txt" />
  </ItemGroup>
  <ItemGroup>
    <Filter Include="Header Files">
      <UniqueIdentifier>{B54B30CB-2DFA-30B0-8A9C-64F432D28770}</UniqueIdentifier>
    </Filter>
    <Filter Include="Source Files">
      <UniqueIdentifier>{74FBF0FE-6B36-34BB-8836-44CFFE27E218}</UniqueIdentifier>
    </Filter>
  </ItemGroup>
</Project>
